// !$*UTF8*$!
{
	archiveVersion = 1;
	classes = {
	};
	objectVersion = 56;
	objects = {

/* Begin PBXBuildFile section */
		83199FF72B06816C00CAA2E8 /* MoreDetailsViewController.swift in Sources */ = {isa = PBXBuildFile; fileRef = 83199FF62B06816C00CAA2E8 /* MoreDetailsViewController.swift */; };
		835FAEBA2AFC6E0700D68AB6 /* Recolector.swift in Sources */ = {isa = PBXBuildFile; fileRef = 835FAEB92AFC6E0700D68AB6 /* Recolector.swift */; };
		835FAEBC2AFC7E6E00D68AB6 /* Recolectores.swift in Sources */ = {isa = PBXBuildFile; fileRef = 835FAEBB2AFC7E6E00D68AB6 /* Recolectores.swift */; };
		8368221D2AFDA63A00CA757E /* CustomCell.swift in Sources */ = {isa = PBXBuildFile; fileRef = 8368221C2AFDA63A00CA757E /* CustomCell.swift */; };
		839C35422AFAD9A80073FFEC /* RequestsViewController.swift in Sources */ = {isa = PBXBuildFile; fileRef = 839C35412AFAD9A80073FFEC /* RequestsViewController.swift */; };
		839C35442AFB05E50073FFEC /* RidesViewController.swift in Sources */ = {isa = PBXBuildFile; fileRef = 839C35432AFB05E50073FFEC /* RidesViewController.swift */; };
		839C35462AFB064A0073FFEC /* ProfileViewController.swift in Sources */ = {isa = PBXBuildFile; fileRef = 839C35452AFB064A0073FFEC /* ProfileViewController.swift */; };
		839C35482AFB067C0073FFEC /* DetailsViewController.swift in Sources */ = {isa = PBXBuildFile; fileRef = 839C35472AFB067C0073FFEC /* DetailsViewController.swift */; };
		839C354A2AFB06CC0073FFEC /* FavouritesViewController.swift in Sources */ = {isa = PBXBuildFile; fileRef = 839C35492AFB06CC0073FFEC /* FavouritesViewController.swift */; };
		83A49DBC2B0E83DA005A33C1 /* voluminoso.mp3 in Resources */ = {isa = PBXBuildFile; fileRef = 83A49DBB2B0E83DA005A33C1 /* voluminoso.mp3 */; };
		83A49DBE2B0E83F0005A33C1 /* toner.mp3 in Resources */ = {isa = PBXBuildFile; fileRef = 83A49DBD2B0E83F0005A33C1 /* toner.mp3 */; };
		83A49DC02B0E83F9005A33C1 /* tetrapack.mp3 in Resources */ = {isa = PBXBuildFile; fileRef = 83A49DBF2B0E83F9005A33C1 /* tetrapack.mp3 */; };
		83A49DC22B0E8403005A33C1 /* tapas.mp3 in Resources */ = {isa = PBXBuildFile; fileRef = 83A49DC12B0E8403005A33C1 /* tapas.mp3 */; };
		83A49DC42B0E8431005A33C1 /* ropa.mp3 in Resources */ = {isa = PBXBuildFile; fileRef = 83A49DC32B0E8431005A33C1 /* ropa.mp3 */; };
		83A49DC62B0E8438005A33C1 /* plasticos.mp3 in Resources */ = {isa = PBXBuildFile; fileRef = 83A49DC52B0E8438005A33C1 /* plasticos.mp3 */; };
		83A49DC82B0E8440005A33C1 /* pilas.mp3 in Resources */ = {isa = PBXBuildFile; fileRef = 83A49DC72B0E8440005A33C1 /* pilas.mp3 */; };
		83A49DCA2B0E8446005A33C1 /* papel.mp3 in Resources */ = {isa = PBXBuildFile; fileRef = 83A49DC92B0E8446005A33C1 /* papel.mp3 */; };
		83A49DCC2B0E8450005A33C1 /* pallets.mp3 in Resources */ = {isa = PBXBuildFile; fileRef = 83A49DCB2B0E8450005A33C1 /* pallets.mp3 */; };
		83A49DCE2B0E8478005A33C1 /* organico.mp3 in Resources */ = {isa = PBXBuildFile; fileRef = 83A49DCD2B0E8478005A33C1 /* organico.mp3 */; };
		83A49DD02B0E8480005A33C1 /* metal.mp3 in Resources */ = {isa = PBXBuildFile; fileRef = 83A49DCF2B0E8480005A33C1 /* metal.mp3 */; };
		83A49DD22B0E8489005A33C1 /* medicina.mp3 in Resources */ = {isa = PBXBuildFile; fileRef = 83A49DD12B0E8489005A33C1 /* medicina.mp3 */; };
		83A49DD42B0E848E005A33C1 /* madera.mp3 in Resources */ = {isa = PBXBuildFile; fileRef = 83A49DD32B0E848E005A33C1 /* madera.mp3 */; };
		83A49DD62B0E8496005A33C1 /* llantas.mp3 in Resources */ = {isa = PBXBuildFile; fileRef = 83A49DD52B0E8496005A33C1 /* llantas.mp3 */; };
		83A49DD82B0E849C005A33C1 /* libros.mp3 in Resources */ = {isa = PBXBuildFile; fileRef = 83A49DD72B0E849C005A33C1 /* libros.mp3 */; };
		83A49DDA2B0E84A6005A33C1 /* juguetes.mp3 in Resources */ = {isa = PBXBuildFile; fileRef = 83A49DD92B0E84A6005A33C1 /* juguetes.mp3 */; };
		83A49DDC2B0E84AA005A33C1 /* industriales.mp3 in Resources */ = {isa = PBXBuildFile; fileRef = 83A49DDB2B0E84AA005A33C1 /* industriales.mp3 */; };
		83A49DDE2B0E84B2005A33C1 /* escombro.mp3 in Resources */ = {isa = PBXBuildFile; fileRef = 83A49DDD2B0E84B2005A33C1 /* escombro.mp3 */; };
		83A49DE02B0E84BC005A33C1 /* electronicos.mp3 in Resources */ = {isa = PBXBuildFile; fileRef = 83A49DDF2B0E84BC005A33C1 /* electronicos.mp3 */; };
		83A49DE22B0E84C1005A33C1 /* carton.mp3 in Resources */ = {isa = PBXBuildFile; fileRef = 83A49DE12B0E84C1005A33C1 /* carton.mp3 */; };
		83A49DE42B0E84CA005A33C1 /* botellas.mp3 in Resources */ = {isa = PBXBuildFile; fileRef = 83A49DE32B0E84CA005A33C1 /* botellas.mp3 */; };
		83A49DE62B0E84D0005A33C1 /* bici.mp3 in Resources */ = {isa = PBXBuildFile; fileRef = 83A49DE52B0E84D0005A33C1 /* bici.mp3 */; };
		83A49DE82B0E84D6005A33C1 /* baterias.mp3 in Resources */ = {isa = PBXBuildFile; fileRef = 83A49DE72B0E84D6005A33C1 /* baterias.mp3 */; };
		83A49DEA2B0E84DC005A33C1 /* arbol.mp3 in Resources */ = {isa = PBXBuildFile; fileRef = 83A49DE92B0E84DC005A33C1 /* arbol.mp3 */; };
		83A49DEE2B0E84F5005A33C1 /* aceiteauto.mp3 in Resources */ = {isa = PBXBuildFile; fileRef = 83A49DED2B0E84F5005A33C1 /* aceiteauto.mp3 */; };
		83A49DF92B0EB053005A33C1 /* aceiteusado.mp3 in Resources */ = {isa = PBXBuildFile; fileRef = 83A49DF82B0EB053005A33C1 /* aceiteusado.mp3 */; };
		83B925782AFC06A2008E3D44 /* GoogleService-Info.plist in Resources */ = {isa = PBXBuildFile; fileRef = 83B925772AFC06A2008E3D44 /* GoogleService-Info.plist */; };
		83B9257B2AFC092B008E3D44 /* FirebaseAnalytics in Frameworks */ = {isa = PBXBuildFile; productRef = 83B9257A2AFC092B008E3D44 /* FirebaseAnalytics */; };
		83B9257D2AFC092B008E3D44 /* FirebaseAnalyticsOnDeviceConversion in Frameworks */ = {isa = PBXBuildFile; productRef = 83B9257C2AFC092B008E3D44 /* FirebaseAnalyticsOnDeviceConversion */; };
		83B9257F2AFC092B008E3D44 /* FirebaseAnalyticsSwift in Frameworks */ = {isa = PBXBuildFile; productRef = 83B9257E2AFC092B008E3D44 /* FirebaseAnalyticsSwift */; };
		83B925812AFC092B008E3D44 /* FirebaseAnalyticsWithoutAdIdSupport in Frameworks */ = {isa = PBXBuildFile; productRef = 83B925802AFC092B008E3D44 /* FirebaseAnalyticsWithoutAdIdSupport */; };
		83B925832AFC092B008E3D44 /* FirebaseAppCheck in Frameworks */ = {isa = PBXBuildFile; productRef = 83B925822AFC092B008E3D44 /* FirebaseAppCheck */; };
		83B925852AFC092B008E3D44 /* FirebaseAppDistribution-Beta in Frameworks */ = {isa = PBXBuildFile; productRef = 83B925842AFC092B008E3D44 /* FirebaseAppDistribution-Beta */; };
		83B925872AFC092B008E3D44 /* FirebaseAuth in Frameworks */ = {isa = PBXBuildFile; productRef = 83B925862AFC092B008E3D44 /* FirebaseAuth */; };
		83B925892AFC092B008E3D44 /* FirebaseAuthCombine-Community in Frameworks */ = {isa = PBXBuildFile; productRef = 83B925882AFC092B008E3D44 /* FirebaseAuthCombine-Community */; };
		83B9258B2AFC092B008E3D44 /* FirebaseCrashlytics in Frameworks */ = {isa = PBXBuildFile; productRef = 83B9258A2AFC092B008E3D44 /* FirebaseCrashlytics */; };
		83B9258D2AFC092B008E3D44 /* FirebaseDatabase in Frameworks */ = {isa = PBXBuildFile; productRef = 83B9258C2AFC092B008E3D44 /* FirebaseDatabase */; };
		83B9258F2AFC092B008E3D44 /* FirebaseDatabaseSwift in Frameworks */ = {isa = PBXBuildFile; productRef = 83B9258E2AFC092B008E3D44 /* FirebaseDatabaseSwift */; };
		83B925912AFC092B008E3D44 /* FirebaseDynamicLinks in Frameworks */ = {isa = PBXBuildFile; productRef = 83B925902AFC092B008E3D44 /* FirebaseDynamicLinks */; };
		83B925932AFC092B008E3D44 /* FirebaseFirestore in Frameworks */ = {isa = PBXBuildFile; productRef = 83B925922AFC092B008E3D44 /* FirebaseFirestore */; };
		83B925952AFC092B008E3D44 /* FirebaseFirestoreCombine-Community in Frameworks */ = {isa = PBXBuildFile; productRef = 83B925942AFC092B008E3D44 /* FirebaseFirestoreCombine-Community */; };
		83B925972AFC092B008E3D44 /* FirebaseFirestoreSwift in Frameworks */ = {isa = PBXBuildFile; productRef = 83B925962AFC092B008E3D44 /* FirebaseFirestoreSwift */; };
		83B925992AFC092B008E3D44 /* FirebaseFunctions in Frameworks */ = {isa = PBXBuildFile; productRef = 83B925982AFC092B008E3D44 /* FirebaseFunctions */; };
		83B9259B2AFC092B008E3D44 /* FirebaseFunctionsCombine-Community in Frameworks */ = {isa = PBXBuildFile; productRef = 83B9259A2AFC092B008E3D44 /* FirebaseFunctionsCombine-Community */; };
		83B9259D2AFC092B008E3D44 /* FirebaseInAppMessaging-Beta in Frameworks */ = {isa = PBXBuildFile; productRef = 83B9259C2AFC092B008E3D44 /* FirebaseInAppMessaging-Beta */; };
		83B9259F2AFC092B008E3D44 /* FirebaseInAppMessagingSwift-Beta in Frameworks */ = {isa = PBXBuildFile; productRef = 83B9259E2AFC092B008E3D44 /* FirebaseInAppMessagingSwift-Beta */; };
		83B925A12AFC092B008E3D44 /* FirebaseInstallations in Frameworks */ = {isa = PBXBuildFile; productRef = 83B925A02AFC092B008E3D44 /* FirebaseInstallations */; };
		83B925A32AFC092B008E3D44 /* FirebaseMLModelDownloader in Frameworks */ = {isa = PBXBuildFile; productRef = 83B925A22AFC092B008E3D44 /* FirebaseMLModelDownloader */; };
		83B925A52AFC092B008E3D44 /* FirebaseMessaging in Frameworks */ = {isa = PBXBuildFile; productRef = 83B925A42AFC092B008E3D44 /* FirebaseMessaging */; };
		83B925A72AFC092B008E3D44 /* FirebasePerformance in Frameworks */ = {isa = PBXBuildFile; productRef = 83B925A62AFC092B008E3D44 /* FirebasePerformance */; };
		83B925A92AFC092B008E3D44 /* FirebaseRemoteConfig in Frameworks */ = {isa = PBXBuildFile; productRef = 83B925A82AFC092B008E3D44 /* FirebaseRemoteConfig */; };
		83B925AB2AFC092B008E3D44 /* FirebaseRemoteConfigSwift in Frameworks */ = {isa = PBXBuildFile; productRef = 83B925AA2AFC092B008E3D44 /* FirebaseRemoteConfigSwift */; };
		83B925AD2AFC092B008E3D44 /* FirebaseStorage in Frameworks */ = {isa = PBXBuildFile; productRef = 83B925AC2AFC092B008E3D44 /* FirebaseStorage */; };
		83B925AF2AFC092B008E3D44 /* FirebaseStorageCombine-Community in Frameworks */ = {isa = PBXBuildFile; productRef = 83B925AE2AFC092B008E3D44 /* FirebaseStorageCombine-Community */; };
		83C2DBFE2AF300EE00E86BBA /* OpcionesViewController.swift in Sources */ = {isa = PBXBuildFile; fileRef = 83C2DBFD2AF300EE00E86BBA /* OpcionesViewController.swift */; };
		83E8DAA12AF1B3AE00106AA6 /* AppDelegate.swift in Sources */ = {isa = PBXBuildFile; fileRef = 83E8DAA02AF1B3AE00106AA6 /* AppDelegate.swift */; };
		83E8DAA32AF1B3AE00106AA6 /* SceneDelegate.swift in Sources */ = {isa = PBXBuildFile; fileRef = 83E8DAA22AF1B3AE00106AA6 /* SceneDelegate.swift */; };
		83E8DAA52AF1B3AE00106AA6 /* ViewController.swift in Sources */ = {isa = PBXBuildFile; fileRef = 83E8DAA42AF1B3AE00106AA6 /* ViewController.swift */; };
		83E8DAA82AF1B3AE00106AA6 /* Main.storyboard in Resources */ = {isa = PBXBuildFile; fileRef = 83E8DAA62AF1B3AE00106AA6 /* Main.storyboard */; };
		83E8DAAA2AF1B3AF00106AA6 /* Assets.xcassets in Resources */ = {isa = PBXBuildFile; fileRef = 83E8DAA92AF1B3AF00106AA6 /* Assets.xcassets */; };
		83E8DAAD2AF1B3AF00106AA6 /* LaunchScreen.storyboard in Resources */ = {isa = PBXBuildFile; fileRef = 83E8DAAB2AF1B3AF00106AA6 /* LaunchScreen.storyboard */; };
		83FE845B2AFC46CA00A976B4 /* CustomTableViewCell.swift in Sources */ = {isa = PBXBuildFile; fileRef = 83FE845A2AFC46CA00A976B4 /* CustomTableViewCell.swift */; };
/* End PBXBuildFile section */

/* Begin PBXFileReference section */
		83199FF62B06816C00CAA2E8 /* MoreDetailsViewController.swift */ = {isa = PBXFileReference; lastKnownFileType = sourcecode.swift; path = MoreDetailsViewController.swift; sourceTree = "<group>"; };
		835FAEB92AFC6E0700D68AB6 /* Recolector.swift */ = {isa = PBXFileReference; lastKnownFileType = sourcecode.swift; path = Recolector.swift; sourceTree = "<group>"; };
		835FAEBB2AFC7E6E00D68AB6 /* Recolectores.swift */ = {isa = PBXFileReference; lastKnownFileType = sourcecode.swift; path = Recolectores.swift; sourceTree = "<group>"; };
		8368221C2AFDA63A00CA757E /* CustomCell.swift */ = {isa = PBXFileReference; lastKnownFileType = sourcecode.swift; path = CustomCell.swift; sourceTree = "<group>"; };
		839C35412AFAD9A80073FFEC /* RequestsViewController.swift */ = {isa = PBXFileReference; lastKnownFileType = sourcecode.swift; path = RequestsViewController.swift; sourceTree = "<group>"; };
		839C35432AFB05E50073FFEC /* RidesViewController.swift */ = {isa = PBXFileReference; lastKnownFileType = sourcecode.swift; path = RidesViewController.swift; sourceTree = "<group>"; };
		839C35452AFB064A0073FFEC /* ProfileViewController.swift */ = {isa = PBXFileReference; lastKnownFileType = sourcecode.swift; path = ProfileViewController.swift; sourceTree = "<group>"; };
		839C35472AFB067C0073FFEC /* DetailsViewController.swift */ = {isa = PBXFileReference; lastKnownFileType = sourcecode.swift; path = DetailsViewController.swift; sourceTree = "<group>"; };
		839C35492AFB06CC0073FFEC /* FavouritesViewController.swift */ = {isa = PBXFileReference; lastKnownFileType = sourcecode.swift; path = FavouritesViewController.swift; sourceTree = "<group>"; };
		83A49DBB2B0E83DA005A33C1 /* voluminoso.mp3 */ = {isa = PBXFileReference; lastKnownFileType = audio.mp3; path = voluminoso.mp3; sourceTree = "<group>"; };
		83A49DBD2B0E83F0005A33C1 /* toner.mp3 */ = {isa = PBXFileReference; lastKnownFileType = audio.mp3; path = toner.mp3; sourceTree = "<group>"; };
		83A49DBF2B0E83F9005A33C1 /* tetrapack.mp3 */ = {isa = PBXFileReference; lastKnownFileType = audio.mp3; path = tetrapack.mp3; sourceTree = "<group>"; };
		83A49DC12B0E8403005A33C1 /* tapas.mp3 */ = {isa = PBXFileReference; lastKnownFileType = audio.mp3; path = tapas.mp3; sourceTree = "<group>"; };
		83A49DC32B0E8431005A33C1 /* ropa.mp3 */ = {isa = PBXFileReference; lastKnownFileType = audio.mp3; path = ropa.mp3; sourceTree = "<group>"; };
		83A49DC52B0E8438005A33C1 /* plasticos.mp3 */ = {isa = PBXFileReference; lastKnownFileType = audio.mp3; path = plasticos.mp3; sourceTree = "<group>"; };
		83A49DC72B0E8440005A33C1 /* pilas.mp3 */ = {isa = PBXFileReference; lastKnownFileType = audio.mp3; path = pilas.mp3; sourceTree = "<group>"; };
		83A49DC92B0E8446005A33C1 /* papel.mp3 */ = {isa = PBXFileReference; lastKnownFileType = audio.mp3; path = papel.mp3; sourceTree = "<group>"; };
		83A49DCB2B0E8450005A33C1 /* pallets.mp3 */ = {isa = PBXFileReference; lastKnownFileType = audio.mp3; path = pallets.mp3; sourceTree = "<group>"; };
		83A49DCD2B0E8478005A33C1 /* organico.mp3 */ = {isa = PBXFileReference; lastKnownFileType = audio.mp3; path = organico.mp3; sourceTree = "<group>"; };
		83A49DCF2B0E8480005A33C1 /* metal.mp3 */ = {isa = PBXFileReference; lastKnownFileType = audio.mp3; path = metal.mp3; sourceTree = "<group>"; };
		83A49DD12B0E8489005A33C1 /* medicina.mp3 */ = {isa = PBXFileReference; lastKnownFileType = audio.mp3; path = medicina.mp3; sourceTree = "<group>"; };
		83A49DD32B0E848E005A33C1 /* madera.mp3 */ = {isa = PBXFileReference; lastKnownFileType = audio.mp3; path = madera.mp3; sourceTree = "<group>"; };
		83A49DD52B0E8496005A33C1 /* llantas.mp3 */ = {isa = PBXFileReference; lastKnownFileType = audio.mp3; path = llantas.mp3; sourceTree = "<group>"; };
		83A49DD72B0E849C005A33C1 /* libros.mp3 */ = {isa = PBXFileReference; lastKnownFileType = audio.mp3; path = libros.mp3; sourceTree = "<group>"; };
		83A49DD92B0E84A6005A33C1 /* juguetes.mp3 */ = {isa = PBXFileReference; lastKnownFileType = audio.mp3; path = juguetes.mp3; sourceTree = "<group>"; };
		83A49DDB2B0E84AA005A33C1 /* industriales.mp3 */ = {isa = PBXFileReference; lastKnownFileType = audio.mp3; path = industriales.mp3; sourceTree = "<group>"; };
		83A49DDD2B0E84B2005A33C1 /* escombro.mp3 */ = {isa = PBXFileReference; lastKnownFileType = audio.mp3; path = escombro.mp3; sourceTree = "<group>"; };
		83A49DDF2B0E84BC005A33C1 /* electronicos.mp3 */ = {isa = PBXFileReference; lastKnownFileType = audio.mp3; path = electronicos.mp3; sourceTree = "<group>"; };
		83A49DE12B0E84C1005A33C1 /* carton.mp3 */ = {isa = PBXFileReference; lastKnownFileType = audio.mp3; path = carton.mp3; sourceTree = "<group>"; };
		83A49DE32B0E84CA005A33C1 /* botellas.mp3 */ = {isa = PBXFileReference; lastKnownFileType = audio.mp3; path = botellas.mp3; sourceTree = "<group>"; };
		83A49DE52B0E84D0005A33C1 /* bici.mp3 */ = {isa = PBXFileReference; lastKnownFileType = audio.mp3; path = bici.mp3; sourceTree = "<group>"; };
		83A49DE72B0E84D6005A33C1 /* baterias.mp3 */ = {isa = PBXFileReference; lastKnownFileType = audio.mp3; path = baterias.mp3; sourceTree = "<group>"; };
		83A49DE92B0E84DC005A33C1 /* arbol.mp3 */ = {isa = PBXFileReference; lastKnownFileType = audio.mp3; path = arbol.mp3; sourceTree = "<group>"; };
		83A49DED2B0E84F5005A33C1 /* aceiteauto.mp3 */ = {isa = PBXFileReference; lastKnownFileType = audio.mp3; path = aceiteauto.mp3; sourceTree = "<group>"; };
		83A49DF82B0EB053005A33C1 /* aceiteusado.mp3 */ = {isa = PBXFileReference; lastKnownFileType = audio.mp3; path = aceiteusado.mp3; sourceTree = "<group>"; };
		83B925772AFC06A2008E3D44 /* GoogleService-Info.plist */ = {isa = PBXFileReference; fileEncoding = 4; lastKnownFileType = text.plist.xml; path = "GoogleService-Info.plist"; sourceTree = "<group>"; };
		83C2DBFD2AF300EE00E86BBA /* OpcionesViewController.swift */ = {isa = PBXFileReference; lastKnownFileType = sourcecode.swift; path = OpcionesViewController.swift; sourceTree = "<group>"; };
		83E8DA9D2AF1B3AE00106AA6 /* RecolectoresIOSApp.app */ = {isa = PBXFileReference; explicitFileType = wrapper.application; includeInIndex = 0; path = RecolectoresIOSApp.app; sourceTree = BUILT_PRODUCTS_DIR; };
		83E8DAA02AF1B3AE00106AA6 /* AppDelegate.swift */ = {isa = PBXFileReference; lastKnownFileType = sourcecode.swift; path = AppDelegate.swift; sourceTree = "<group>"; };
		83E8DAA22AF1B3AE00106AA6 /* SceneDelegate.swift */ = {isa = PBXFileReference; lastKnownFileType = sourcecode.swift; path = SceneDelegate.swift; sourceTree = "<group>"; };
		83E8DAA42AF1B3AE00106AA6 /* ViewController.swift */ = {isa = PBXFileReference; lastKnownFileType = sourcecode.swift; path = ViewController.swift; sourceTree = "<group>"; };
		83E8DAA72AF1B3AE00106AA6 /* Base */ = {isa = PBXFileReference; lastKnownFileType = file.storyboard; name = Base; path = Base.lproj/Main.storyboard; sourceTree = "<group>"; };
		83E8DAA92AF1B3AF00106AA6 /* Assets.xcassets */ = {isa = PBXFileReference; lastKnownFileType = folder.assetcatalog; path = Assets.xcassets; sourceTree = "<group>"; };
		83E8DAAC2AF1B3AF00106AA6 /* Base */ = {isa = PBXFileReference; lastKnownFileType = file.storyboard; name = Base; path = Base.lproj/LaunchScreen.storyboard; sourceTree = "<group>"; };
		83E8DAAE2AF1B3AF00106AA6 /* Info.plist */ = {isa = PBXFileReference; lastKnownFileType = text.plist.xml; path = Info.plist; sourceTree = "<group>"; };
		83FE845A2AFC46CA00A976B4 /* CustomTableViewCell.swift */ = {isa = PBXFileReference; lastKnownFileType = sourcecode.swift; path = CustomTableViewCell.swift; sourceTree = "<group>"; };
/* End PBXFileReference section */

/* Begin PBXFrameworksBuildPhase section */
		83E8DA9A2AF1B3AE00106AA6 /* Frameworks */ = {
			isa = PBXFrameworksBuildPhase;
			buildActionMask = 2147483647;
			files = (
				83B9258D2AFC092B008E3D44 /* FirebaseDatabase in Frameworks */,
				83B9259B2AFC092B008E3D44 /* FirebaseFunctionsCombine-Community in Frameworks */,
				83B925932AFC092B008E3D44 /* FirebaseFirestore in Frameworks */,
				83B9257F2AFC092B008E3D44 /* FirebaseAnalyticsSwift in Frameworks */,
				83B9257B2AFC092B008E3D44 /* FirebaseAnalytics in Frameworks */,
				83B9257D2AFC092B008E3D44 /* FirebaseAnalyticsOnDeviceConversion in Frameworks */,
				83B925A32AFC092B008E3D44 /* FirebaseMLModelDownloader in Frameworks */,
				83B925972AFC092B008E3D44 /* FirebaseFirestoreSwift in Frameworks */,
				83B925832AFC092B008E3D44 /* FirebaseAppCheck in Frameworks */,
				83B925812AFC092B008E3D44 /* FirebaseAnalyticsWithoutAdIdSupport in Frameworks */,
				83B925872AFC092B008E3D44 /* FirebaseAuth in Frameworks */,
				83B9258B2AFC092B008E3D44 /* FirebaseCrashlytics in Frameworks */,
				83B925AB2AFC092B008E3D44 /* FirebaseRemoteConfigSwift in Frameworks */,
				83B9259D2AFC092B008E3D44 /* FirebaseInAppMessaging-Beta in Frameworks */,
				83B9258F2AFC092B008E3D44 /* FirebaseDatabaseSwift in Frameworks */,
				83B925992AFC092B008E3D44 /* FirebaseFunctions in Frameworks */,
				83B925AF2AFC092B008E3D44 /* FirebaseStorageCombine-Community in Frameworks */,
				83B925A92AFC092B008E3D44 /* FirebaseRemoteConfig in Frameworks */,
				83B925852AFC092B008E3D44 /* FirebaseAppDistribution-Beta in Frameworks */,
				83B925892AFC092B008E3D44 /* FirebaseAuthCombine-Community in Frameworks */,
				83B925A72AFC092B008E3D44 /* FirebasePerformance in Frameworks */,
				83B9259F2AFC092B008E3D44 /* FirebaseInAppMessagingSwift-Beta in Frameworks */,
				83B925AD2AFC092B008E3D44 /* FirebaseStorage in Frameworks */,
				83B925912AFC092B008E3D44 /* FirebaseDynamicLinks in Frameworks */,
				83B925952AFC092B008E3D44 /* FirebaseFirestoreCombine-Community in Frameworks */,
				83B925A52AFC092B008E3D44 /* FirebaseMessaging in Frameworks */,
				83B925A12AFC092B008E3D44 /* FirebaseInstallations in Frameworks */,
			);
			runOnlyForDeploymentPostprocessing = 0;
		};
/* End PBXFrameworksBuildPhase section */

/* Begin PBXGroup section */
		835FAEB62AFC6DA500D68AB6 /* Model */ = {
			isa = PBXGroup;
			children = (
				835FAEB92AFC6E0700D68AB6 /* Recolector.swift */,
				835FAEBB2AFC7E6E00D68AB6 /* Recolectores.swift */,
			);
			path = Model;
			sourceTree = "<group>";
		};
		83E8DA942AF1B3AE00106AA6 = {
			isa = PBXGroup;
			children = (
				83E8DA9F2AF1B3AE00106AA6 /* RecolectoresIOSApp */,
				83E8DA9E2AF1B3AE00106AA6 /* Products */,
			);
			sourceTree = "<group>";
		};
		83E8DA9E2AF1B3AE00106AA6 /* Products */ = {
			isa = PBXGroup;
			children = (
				83E8DA9D2AF1B3AE00106AA6 /* RecolectoresIOSApp.app */,
			);
			name = Products;
			sourceTree = "<group>";
		};
		83E8DA9F2AF1B3AE00106AA6 /* RecolectoresIOSApp */ = {
			isa = PBXGroup;
			children = (
				835FAEB62AFC6DA500D68AB6 /* Model */,
				83E8DAA02AF1B3AE00106AA6 /* AppDelegate.swift */,
				83E8DAA22AF1B3AE00106AA6 /* SceneDelegate.swift */,
				83E8DAA42AF1B3AE00106AA6 /* ViewController.swift */,
				83E8DAA62AF1B3AE00106AA6 /* Main.storyboard */,
				83E8DAAB2AF1B3AF00106AA6 /* LaunchScreen.storyboard */,
				83E8DAA92AF1B3AF00106AA6 /* Assets.xcassets */,
				83E8DAAE2AF1B3AF00106AA6 /* Info.plist */,
				83C2DBFD2AF300EE00E86BBA /* OpcionesViewController.swift */,
				839C35412AFAD9A80073FFEC /* RequestsViewController.swift */,
				839C35432AFB05E50073FFEC /* RidesViewController.swift */,
				83199FF62B06816C00CAA2E8 /* MoreDetailsViewController.swift */,
				839C35452AFB064A0073FFEC /* ProfileViewController.swift */,
				839C35472AFB067C0073FFEC /* DetailsViewController.swift */,
				839C35492AFB06CC0073FFEC /* FavouritesViewController.swift */,
				83B925772AFC06A2008E3D44 /* GoogleService-Info.plist */,
				83FE845A2AFC46CA00A976B4 /* CustomTableViewCell.swift */,
				8368221C2AFDA63A00CA757E /* CustomCell.swift */,
				83A49DBB2B0E83DA005A33C1 /* voluminoso.mp3 */,
				83A49DBD2B0E83F0005A33C1 /* toner.mp3 */,
				83A49DBF2B0E83F9005A33C1 /* tetrapack.mp3 */,
				83A49DC12B0E8403005A33C1 /* tapas.mp3 */,
				83A49DC32B0E8431005A33C1 /* ropa.mp3 */,
				83A49DC52B0E8438005A33C1 /* plasticos.mp3 */,
				83A49DC72B0E8440005A33C1 /* pilas.mp3 */,
				83A49DC92B0E8446005A33C1 /* papel.mp3 */,
				83A49DCB2B0E8450005A33C1 /* pallets.mp3 */,
				83A49DCD2B0E8478005A33C1 /* organico.mp3 */,
				83A49DCF2B0E8480005A33C1 /* metal.mp3 */,
				83A49DD12B0E8489005A33C1 /* medicina.mp3 */,
				83A49DD32B0E848E005A33C1 /* madera.mp3 */,
				83A49DD52B0E8496005A33C1 /* llantas.mp3 */,
				83A49DD72B0E849C005A33C1 /* libros.mp3 */,
				83A49DD92B0E84A6005A33C1 /* juguetes.mp3 */,
				83A49DDB2B0E84AA005A33C1 /* industriales.mp3 */,
				83A49DDD2B0E84B2005A33C1 /* escombro.mp3 */,
				83A49DDF2B0E84BC005A33C1 /* electronicos.mp3 */,
				83A49DE12B0E84C1005A33C1 /* carton.mp3 */,
				83A49DE32B0E84CA005A33C1 /* botellas.mp3 */,
				83A49DE52B0E84D0005A33C1 /* bici.mp3 */,
				83A49DE72B0E84D6005A33C1 /* baterias.mp3 */,
				83A49DE92B0E84DC005A33C1 /* arbol.mp3 */,
				83A49DED2B0E84F5005A33C1 /* aceiteauto.mp3 */,
				83A49DF82B0EB053005A33C1 /* aceiteusado.mp3 */,
			);
			path = RecolectoresIOSApp;
			sourceTree = "<group>";
		};
/* End PBXGroup section */

/* Begin PBXNativeTarget section */
		83E8DA9C2AF1B3AE00106AA6 /* RecolectoresIOSApp */ = {
			isa = PBXNativeTarget;
			buildConfigurationList = 83E8DAB12AF1B3AF00106AA6 /* Build configuration list for PBXNativeTarget "RecolectoresIOSApp" */;
			buildPhases = (
				83E8DA992AF1B3AE00106AA6 /* Sources */,
				83E8DA9A2AF1B3AE00106AA6 /* Frameworks */,
				83E8DA9B2AF1B3AE00106AA6 /* Resources */,
			);
			buildRules = (
			);
			dependencies = (
			);
			name = RecolectoresIOSApp;
			packageProductDependencies = (
				83B9257A2AFC092B008E3D44 /* FirebaseAnalytics */,
				83B9257C2AFC092B008E3D44 /* FirebaseAnalyticsOnDeviceConversion */,
				83B9257E2AFC092B008E3D44 /* FirebaseAnalyticsSwift */,
				83B925802AFC092B008E3D44 /* FirebaseAnalyticsWithoutAdIdSupport */,
				83B925822AFC092B008E3D44 /* FirebaseAppCheck */,
				83B925842AFC092B008E3D44 /* FirebaseAppDistribution-Beta */,
				83B925862AFC092B008E3D44 /* FirebaseAuth */,
				83B925882AFC092B008E3D44 /* FirebaseAuthCombine-Community */,
				83B9258A2AFC092B008E3D44 /* FirebaseCrashlytics */,
				83B9258C2AFC092B008E3D44 /* FirebaseDatabase */,
				83B9258E2AFC092B008E3D44 /* FirebaseDatabaseSwift */,
				83B925902AFC092B008E3D44 /* FirebaseDynamicLinks */,
				83B925922AFC092B008E3D44 /* FirebaseFirestore */,
				83B925942AFC092B008E3D44 /* FirebaseFirestoreCombine-Community */,
				83B925962AFC092B008E3D44 /* FirebaseFirestoreSwift */,
				83B925982AFC092B008E3D44 /* FirebaseFunctions */,
				83B9259A2AFC092B008E3D44 /* FirebaseFunctionsCombine-Community */,
				83B9259C2AFC092B008E3D44 /* FirebaseInAppMessaging-Beta */,
				83B9259E2AFC092B008E3D44 /* FirebaseInAppMessagingSwift-Beta */,
				83B925A02AFC092B008E3D44 /* FirebaseInstallations */,
				83B925A22AFC092B008E3D44 /* FirebaseMLModelDownloader */,
				83B925A42AFC092B008E3D44 /* FirebaseMessaging */,
				83B925A62AFC092B008E3D44 /* FirebasePerformance */,
				83B925A82AFC092B008E3D44 /* FirebaseRemoteConfig */,
				83B925AA2AFC092B008E3D44 /* FirebaseRemoteConfigSwift */,
				83B925AC2AFC092B008E3D44 /* FirebaseStorage */,
				83B925AE2AFC092B008E3D44 /* FirebaseStorageCombine-Community */,
			);
			productName = RecolectoresIOSApp;
			productReference = 83E8DA9D2AF1B3AE00106AA6 /* RecolectoresIOSApp.app */;
			productType = "com.apple.product-type.application";
		};
/* End PBXNativeTarget section */

/* Begin PBXProject section */
		83E8DA952AF1B3AE00106AA6 /* Project object */ = {
			isa = PBXProject;
			attributes = {
				BuildIndependentTargetsInParallel = 1;
				LastSwiftUpdateCheck = 1500;
				LastUpgradeCheck = 1500;
				TargetAttributes = {
					83E8DA9C2AF1B3AE00106AA6 = {
						CreatedOnToolsVersion = 15.0.1;
					};
				};
			};
			buildConfigurationList = 83E8DA982AF1B3AE00106AA6 /* Build configuration list for PBXProject "RecolectoresIOSApp" */;
			compatibilityVersion = "Xcode 14.0";
			developmentRegion = en;
			hasScannedForEncodings = 0;
			knownRegions = (
				en,
				Base,
			);
			mainGroup = 83E8DA942AF1B3AE00106AA6;
			packageReferences = (
				83B925792AFC092B008E3D44 /* XCRemoteSwiftPackageReference "firebase-ios-sdk" */,
			);
			productRefGroup = 83E8DA9E2AF1B3AE00106AA6 /* Products */;
			projectDirPath = "";
			projectRoot = "";
			targets = (
				83E8DA9C2AF1B3AE00106AA6 /* RecolectoresIOSApp */,
			);
		};
/* End PBXProject section */

/* Begin PBXResourcesBuildPhase section */
		83E8DA9B2AF1B3AE00106AA6 /* Resources */ = {
			isa = PBXResourcesBuildPhase;
			buildActionMask = 2147483647;
			files = (
				83A49DF92B0EB053005A33C1 /* aceiteusado.mp3 in Resources */,
				83A49DEE2B0E84F5005A33C1 /* aceiteauto.mp3 in Resources */,
				83A49DE02B0E84BC005A33C1 /* electronicos.mp3 in Resources */,
				83A49DEA2B0E84DC005A33C1 /* arbol.mp3 in Resources */,
				83A49DC62B0E8438005A33C1 /* plasticos.mp3 in Resources */,
				83E8DAAD2AF1B3AF00106AA6 /* LaunchScreen.storyboard in Resources */,
				83A49DDA2B0E84A6005A33C1 /* juguetes.mp3 in Resources */,
				83A49DC02B0E83F9005A33C1 /* tetrapack.mp3 in Resources */,
				83A49DCE2B0E8478005A33C1 /* organico.mp3 in Resources */,
				83A49DD62B0E8496005A33C1 /* llantas.mp3 in Resources */,
				83B925782AFC06A2008E3D44 /* GoogleService-Info.plist in Resources */,
				83A49DBE2B0E83F0005A33C1 /* toner.mp3 in Resources */,
				83A49DDE2B0E84B2005A33C1 /* escombro.mp3 in Resources */,
				83A49DBC2B0E83DA005A33C1 /* voluminoso.mp3 in Resources */,
				83A49DC42B0E8431005A33C1 /* ropa.mp3 in Resources */,
				83A49DE82B0E84D6005A33C1 /* baterias.mp3 in Resources */,
				83A49DC82B0E8440005A33C1 /* pilas.mp3 in Resources */,
				83A49DD82B0E849C005A33C1 /* libros.mp3 in Resources */,
				83A49DD22B0E8489005A33C1 /* medicina.mp3 in Resources */,
				83A49DD02B0E8480005A33C1 /* metal.mp3 in Resources */,
				83E8DAAA2AF1B3AF00106AA6 /* Assets.xcassets in Resources */,
				83A49DE42B0E84CA005A33C1 /* botellas.mp3 in Resources */,
				83E8DAA82AF1B3AE00106AA6 /* Main.storyboard in Resources */,
				83A49DE62B0E84D0005A33C1 /* bici.mp3 in Resources */,
				83A49DDC2B0E84AA005A33C1 /* industriales.mp3 in Resources */,
				83A49DD42B0E848E005A33C1 /* madera.mp3 in Resources */,
				83A49DCA2B0E8446005A33C1 /* papel.mp3 in Resources */,
				83A49DCC2B0E8450005A33C1 /* pallets.mp3 in Resources */,
				83A49DE22B0E84C1005A33C1 /* carton.mp3 in Resources */,
				83A49DC22B0E8403005A33C1 /* tapas.mp3 in Resources */,
			);
			runOnlyForDeploymentPostprocessing = 0;
		};
/* End PBXResourcesBuildPhase section */

/* Begin PBXSourcesBuildPhase section */
		83E8DA992AF1B3AE00106AA6 /* Sources */ = {
			isa = PBXSourcesBuildPhase;
			buildActionMask = 2147483647;
			files = (
				839C354A2AFB06CC0073FFEC /* FavouritesViewController.swift in Sources */,
				8368221D2AFDA63A00CA757E /* CustomCell.swift in Sources */,
				839C35422AFAD9A80073FFEC /* RequestsViewController.swift in Sources */,
				83E8DAA52AF1B3AE00106AA6 /* ViewController.swift in Sources */,
				839C35442AFB05E50073FFEC /* RidesViewController.swift in Sources */,
				839C35482AFB067C0073FFEC /* DetailsViewController.swift in Sources */,
				83E8DAA12AF1B3AE00106AA6 /* AppDelegate.swift in Sources */,
				83FE845B2AFC46CA00A976B4 /* CustomTableViewCell.swift in Sources */,
				835FAEBA2AFC6E0700D68AB6 /* Recolector.swift in Sources */,
				839C35462AFB064A0073FFEC /* ProfileViewController.swift in Sources */,
				83199FF72B06816C00CAA2E8 /* MoreDetailsViewController.swift in Sources */,
				83C2DBFE2AF300EE00E86BBA /* OpcionesViewController.swift in Sources */,
				83E8DAA32AF1B3AE00106AA6 /* SceneDelegate.swift in Sources */,
				835FAEBC2AFC7E6E00D68AB6 /* Recolectores.swift in Sources */,
			);
			runOnlyForDeploymentPostprocessing = 0;
		};
/* End PBXSourcesBuildPhase section */

/* Begin PBXVariantGroup section */
		83E8DAA62AF1B3AE00106AA6 /* Main.storyboard */ = {
			isa = PBXVariantGroup;
			children = (
				83E8DAA72AF1B3AE00106AA6 /* Base */,
			);
			name = Main.storyboard;
			sourceTree = "<group>";
		};
		83E8DAAB2AF1B3AF00106AA6 /* LaunchScreen.storyboard */ = {
			isa = PBXVariantGroup;
			children = (
				83E8DAAC2AF1B3AF00106AA6 /* Base */,
			);
			name = LaunchScreen.storyboard;
			sourceTree = "<group>";
		};
/* End PBXVariantGroup section */

/* Begin XCBuildConfiguration section */
		83E8DAAF2AF1B3AF00106AA6 /* Debug */ = {
			isa = XCBuildConfiguration;
			buildSettings = {
				ALWAYS_SEARCH_USER_PATHS = NO;
				ASSETCATALOG_COMPILER_GENERATE_SWIFT_ASSET_SYMBOL_EXTENSIONS = YES;
				CLANG_ANALYZER_NONNULL = YES;
				CLANG_ANALYZER_NUMBER_OBJECT_CONVERSION = YES_AGGRESSIVE;
				CLANG_CXX_LANGUAGE_STANDARD = "gnu++20";
				CLANG_ENABLE_MODULES = YES;
				CLANG_ENABLE_OBJC_ARC = YES;
				CLANG_ENABLE_OBJC_WEAK = YES;
				CLANG_WARN_BLOCK_CAPTURE_AUTORELEASING = YES;
				CLANG_WARN_BOOL_CONVERSION = YES;
				CLANG_WARN_COMMA = YES;
				CLANG_WARN_CONSTANT_CONVERSION = YES;
				CLANG_WARN_DEPRECATED_OBJC_IMPLEMENTATIONS = YES;
				CLANG_WARN_DIRECT_OBJC_ISA_USAGE = YES_ERROR;
				CLANG_WARN_DOCUMENTATION_COMMENTS = YES;
				CLANG_WARN_EMPTY_BODY = YES;
				CLANG_WARN_ENUM_CONVERSION = YES;
				CLANG_WARN_INFINITE_RECURSION = YES;
				CLANG_WARN_INT_CONVERSION = YES;
				CLANG_WARN_NON_LITERAL_NULL_CONVERSION = YES;
				CLANG_WARN_OBJC_IMPLICIT_RETAIN_SELF = YES;
				CLANG_WARN_OBJC_LITERAL_CONVERSION = YES;
				CLANG_WARN_OBJC_ROOT_CLASS = YES_ERROR;
				CLANG_WARN_QUOTED_INCLUDE_IN_FRAMEWORK_HEADER = YES;
				CLANG_WARN_RANGE_LOOP_ANALYSIS = YES;
				CLANG_WARN_STRICT_PROTOTYPES = YES;
				CLANG_WARN_SUSPICIOUS_MOVE = YES;
				CLANG_WARN_UNGUARDED_AVAILABILITY = YES_AGGRESSIVE;
				CLANG_WARN_UNREACHABLE_CODE = YES;
				CLANG_WARN__DUPLICATE_METHOD_MATCH = YES;
				COPY_PHASE_STRIP = NO;
				DEBUG_INFORMATION_FORMAT = dwarf;
				ENABLE_STRICT_OBJC_MSGSEND = YES;
				ENABLE_TESTABILITY = YES;
				ENABLE_USER_SCRIPT_SANDBOXING = YES;
				GCC_C_LANGUAGE_STANDARD = gnu17;
				GCC_DYNAMIC_NO_PIC = NO;
				GCC_NO_COMMON_BLOCKS = YES;
				GCC_OPTIMIZATION_LEVEL = 0;
				GCC_PREPROCESSOR_DEFINITIONS = (
					"DEBUG=1",
					"$(inherited)",
				);
				GCC_WARN_64_TO_32_BIT_CONVERSION = YES;
				GCC_WARN_ABOUT_RETURN_TYPE = YES_ERROR;
				GCC_WARN_UNDECLARED_SELECTOR = YES;
				GCC_WARN_UNINITIALIZED_AUTOS = YES_AGGRESSIVE;
				GCC_WARN_UNUSED_FUNCTION = YES;
				GCC_WARN_UNUSED_VARIABLE = YES;
				IPHONEOS_DEPLOYMENT_TARGET = 17.0;
				LOCALIZATION_PREFERS_STRING_CATALOGS = YES;
				MTL_ENABLE_DEBUG_INFO = INCLUDE_SOURCE;
				MTL_FAST_MATH = YES;
				ONLY_ACTIVE_ARCH = YES;
				SDKROOT = iphoneos;
				SWIFT_ACTIVE_COMPILATION_CONDITIONS = "DEBUG $(inherited)";
				SWIFT_OPTIMIZATION_LEVEL = "-Onone";
			};
			name = Debug;
		};
		83E8DAB02AF1B3AF00106AA6 /* Release */ = {
			isa = XCBuildConfiguration;
			buildSettings = {
				ALWAYS_SEARCH_USER_PATHS = NO;
				ASSETCATALOG_COMPILER_GENERATE_SWIFT_ASSET_SYMBOL_EXTENSIONS = YES;
				CLANG_ANALYZER_NONNULL = YES;
				CLANG_ANALYZER_NUMBER_OBJECT_CONVERSION = YES_AGGRESSIVE;
				CLANG_CXX_LANGUAGE_STANDARD = "gnu++20";
				CLANG_ENABLE_MODULES = YES;
				CLANG_ENABLE_OBJC_ARC = YES;
				CLANG_ENABLE_OBJC_WEAK = YES;
				CLANG_WARN_BLOCK_CAPTURE_AUTORELEASING = YES;
				CLANG_WARN_BOOL_CONVERSION = YES;
				CLANG_WARN_COMMA = YES;
				CLANG_WARN_CONSTANT_CONVERSION = YES;
				CLANG_WARN_DEPRECATED_OBJC_IMPLEMENTATIONS = YES;
				CLANG_WARN_DIRECT_OBJC_ISA_USAGE = YES_ERROR;
				CLANG_WARN_DOCUMENTATION_COMMENTS = YES;
				CLANG_WARN_EMPTY_BODY = YES;
				CLANG_WARN_ENUM_CONVERSION = YES;
				CLANG_WARN_INFINITE_RECURSION = YES;
				CLANG_WARN_INT_CONVERSION = YES;
				CLANG_WARN_NON_LITERAL_NULL_CONVERSION = YES;
				CLANG_WARN_OBJC_IMPLICIT_RETAIN_SELF = YES;
				CLANG_WARN_OBJC_LITERAL_CONVERSION = YES;
				CLANG_WARN_OBJC_ROOT_CLASS = YES_ERROR;
				CLANG_WARN_QUOTED_INCLUDE_IN_FRAMEWORK_HEADER = YES;
				CLANG_WARN_RANGE_LOOP_ANALYSIS = YES;
				CLANG_WARN_STRICT_PROTOTYPES = YES;
				CLANG_WARN_SUSPICIOUS_MOVE = YES;
				CLANG_WARN_UNGUARDED_AVAILABILITY = YES_AGGRESSIVE;
				CLANG_WARN_UNREACHABLE_CODE = YES;
				CLANG_WARN__DUPLICATE_METHOD_MATCH = YES;
				COPY_PHASE_STRIP = NO;
				DEBUG_INFORMATION_FORMAT = "dwarf-with-dsym";
				ENABLE_NS_ASSERTIONS = NO;
				ENABLE_STRICT_OBJC_MSGSEND = YES;
				ENABLE_USER_SCRIPT_SANDBOXING = YES;
				GCC_C_LANGUAGE_STANDARD = gnu17;
				GCC_NO_COMMON_BLOCKS = YES;
				GCC_WARN_64_TO_32_BIT_CONVERSION = YES;
				GCC_WARN_ABOUT_RETURN_TYPE = YES_ERROR;
				GCC_WARN_UNDECLARED_SELECTOR = YES;
				GCC_WARN_UNINITIALIZED_AUTOS = YES_AGGRESSIVE;
				GCC_WARN_UNUSED_FUNCTION = YES;
				GCC_WARN_UNUSED_VARIABLE = YES;
				IPHONEOS_DEPLOYMENT_TARGET = 17.0;
				LOCALIZATION_PREFERS_STRING_CATALOGS = YES;
				MTL_ENABLE_DEBUG_INFO = NO;
				MTL_FAST_MATH = YES;
				SDKROOT = iphoneos;
				SWIFT_COMPILATION_MODE = wholemodule;
				VALIDATE_PRODUCT = YES;
			};
			name = Release;
		};
		83E8DAB22AF1B3AF00106AA6 /* Debug */ = {
			isa = XCBuildConfiguration;
			buildSettings = {
				ASSETCATALOG_COMPILER_APPICON_NAME = AppIcon;
				ASSETCATALOG_COMPILER_GLOBAL_ACCENT_COLOR_NAME = AccentColor;
				CODE_SIGN_STYLE = Automatic;
				CURRENT_PROJECT_VERSION = 1;
				GENERATE_INFOPLIST_FILE = YES;
				INFOPLIST_FILE = RecolectoresIOSApp/Info.plist;
				INFOPLIST_KEY_UIApplicationSupportsIndirectInputEvents = YES;
				INFOPLIST_KEY_UILaunchStoryboardName = LaunchScreen;
				INFOPLIST_KEY_UIMainStoryboardFile = Main;
				INFOPLIST_KEY_UISupportedInterfaceOrientations_iPad = "UIInterfaceOrientationPortrait UIInterfaceOrientationPortraitUpsideDown UIInterfaceOrientationLandscapeLeft UIInterfaceOrientationLandscapeRight";
				INFOPLIST_KEY_UISupportedInterfaceOrientations_iPhone = "UIInterfaceOrientationPortrait UIInterfaceOrientationLandscapeLeft UIInterfaceOrientationLandscapeRight";
				IPHONEOS_DEPLOYMENT_TARGET = 13.0;
				LD_RUNPATH_SEARCH_PATHS = (
					"$(inherited)",
					"@executable_path/Frameworks",
				);
				MARKETING_VERSION = 1.0;
				PRODUCT_BUNDLE_IDENTIFIER = mx.tec.A01735425.RecolectoresIOSApp;
				PRODUCT_NAME = "$(TARGET_NAME)";
				SWIFT_EMIT_LOC_STRINGS = YES;
				SWIFT_VERSION = 5.0;
				TARGETED_DEVICE_FAMILY = "1,2";
			};
			name = Debug;
		};
		83E8DAB32AF1B3AF00106AA6 /* Release */ = {
			isa = XCBuildConfiguration;
			buildSettings = {
				ASSETCATALOG_COMPILER_APPICON_NAME = AppIcon;
				ASSETCATALOG_COMPILER_GLOBAL_ACCENT_COLOR_NAME = AccentColor;
				CODE_SIGN_STYLE = Automatic;
				CURRENT_PROJECT_VERSION = 1;
				GENERATE_INFOPLIST_FILE = YES;
				INFOPLIST_FILE = RecolectoresIOSApp/Info.plist;
				INFOPLIST_KEY_UIApplicationSupportsIndirectInputEvents = YES;
				INFOPLIST_KEY_UILaunchStoryboardName = LaunchScreen;
				INFOPLIST_KEY_UIMainStoryboardFile = Main;
				INFOPLIST_KEY_UISupportedInterfaceOrientations_iPad = "UIInterfaceOrientationPortrait UIInterfaceOrientationPortraitUpsideDown UIInterfaceOrientationLandscapeLeft UIInterfaceOrientationLandscapeRight";
				INFOPLIST_KEY_UISupportedInterfaceOrientations_iPhone = "UIInterfaceOrientationPortrait UIInterfaceOrientationLandscapeLeft UIInterfaceOrientationLandscapeRight";
				IPHONEOS_DEPLOYMENT_TARGET = 13.0;
				LD_RUNPATH_SEARCH_PATHS = (
					"$(inherited)",
					"@executable_path/Frameworks",
				);
				MARKETING_VERSION = 1.0;
				PRODUCT_BUNDLE_IDENTIFIER = mx.tec.A01735425.RecolectoresIOSApp;
				PRODUCT_NAME = "$(TARGET_NAME)";
				SWIFT_EMIT_LOC_STRINGS = YES;
				SWIFT_VERSION = 5.0;
				TARGETED_DEVICE_FAMILY = "1,2";
			};
			name = Release;
		};
/* End XCBuildConfiguration section */

/* Begin XCConfigurationList section */
		83E8DA982AF1B3AE00106AA6 /* Build configuration list for PBXProject "RecolectoresIOSApp" */ = {
			isa = XCConfigurationList;
			buildConfigurations = (
				83E8DAAF2AF1B3AF00106AA6 /* Debug */,
				83E8DAB02AF1B3AF00106AA6 /* Release */,
			);
			defaultConfigurationIsVisible = 0;
			defaultConfigurationName = Release;
		};
		83E8DAB12AF1B3AF00106AA6 /* Build configuration list for PBXNativeTarget "RecolectoresIOSApp" */ = {
			isa = XCConfigurationList;
			buildConfigurations = (
				83E8DAB22AF1B3AF00106AA6 /* Debug */,
				83E8DAB32AF1B3AF00106AA6 /* Release */,
			);
			defaultConfigurationIsVisible = 0;
			defaultConfigurationName = Release;
		};
/* End XCConfigurationList section */

/* Begin XCRemoteSwiftPackageReference section */
		83B925792AFC092B008E3D44 /* XCRemoteSwiftPackageReference "firebase-ios-sdk" */ = {
			isa = XCRemoteSwiftPackageReference;
			repositoryURL = "https://github.com/firebase/firebase-ios-sdk";
			requirement = {
				kind = upToNextMajorVersion;
				minimumVersion = 10.17.0;
			};
		};
/* End XCRemoteSwiftPackageReference section */

/* Begin XCSwiftPackageProductDependency section */
		83B9257A2AFC092B008E3D44 /* FirebaseAnalytics */ = {
			isa = XCSwiftPackageProductDependency;
			package = 83B925792AFC092B008E3D44 /* XCRemoteSwiftPackageReference "firebase-ios-sdk" */;
			productName = FirebaseAnalytics;
		};
		83B9257C2AFC092B008E3D44 /* FirebaseAnalyticsOnDeviceConversion */ = {
			isa = XCSwiftPackageProductDependency;
			package = 83B925792AFC092B008E3D44 /* XCRemoteSwiftPackageReference "firebase-ios-sdk" */;
			productName = FirebaseAnalyticsOnDeviceConversion;
		};
		83B9257E2AFC092B008E3D44 /* FirebaseAnalyticsSwift */ = {
			isa = XCSwiftPackageProductDependency;
			package = 83B925792AFC092B008E3D44 /* XCRemoteSwiftPackageReference "firebase-ios-sdk" */;
			productName = FirebaseAnalyticsSwift;
		};
		83B925802AFC092B008E3D44 /* FirebaseAnalyticsWithoutAdIdSupport */ = {
			isa = XCSwiftPackageProductDependency;
			package = 83B925792AFC092B008E3D44 /* XCRemoteSwiftPackageReference "firebase-ios-sdk" */;
			productName = FirebaseAnalyticsWithoutAdIdSupport;
		};
		83B925822AFC092B008E3D44 /* FirebaseAppCheck */ = {
			isa = XCSwiftPackageProductDependency;
			package = 83B925792AFC092B008E3D44 /* XCRemoteSwiftPackageReference "firebase-ios-sdk" */;
			productName = FirebaseAppCheck;
		};
		83B925842AFC092B008E3D44 /* FirebaseAppDistribution-Beta */ = {
			isa = XCSwiftPackageProductDependency;
			package = 83B925792AFC092B008E3D44 /* XCRemoteSwiftPackageReference "firebase-ios-sdk" */;
			productName = "FirebaseAppDistribution-Beta";
		};
		83B925862AFC092B008E3D44 /* FirebaseAuth */ = {
			isa = XCSwiftPackageProductDependency;
			package = 83B925792AFC092B008E3D44 /* XCRemoteSwiftPackageReference "firebase-ios-sdk" */;
			productName = FirebaseAuth;
		};
		83B925882AFC092B008E3D44 /* FirebaseAuthCombine-Community */ = {
			isa = XCSwiftPackageProductDependency;
			package = 83B925792AFC092B008E3D44 /* XCRemoteSwiftPackageReference "firebase-ios-sdk" */;
			productName = "FirebaseAuthCombine-Community";
		};
		83B9258A2AFC092B008E3D44 /* FirebaseCrashlytics */ = {
			isa = XCSwiftPackageProductDependency;
			package = 83B925792AFC092B008E3D44 /* XCRemoteSwiftPackageReference "firebase-ios-sdk" */;
			productName = FirebaseCrashlytics;
		};
		83B9258C2AFC092B008E3D44 /* FirebaseDatabase */ = {
			isa = XCSwiftPackageProductDependency;
			package = 83B925792AFC092B008E3D44 /* XCRemoteSwiftPackageReference "firebase-ios-sdk" */;
			productName = FirebaseDatabase;
		};
		83B9258E2AFC092B008E3D44 /* FirebaseDatabaseSwift */ = {
			isa = XCSwiftPackageProductDependency;
			package = 83B925792AFC092B008E3D44 /* XCRemoteSwiftPackageReference "firebase-ios-sdk" */;
			productName = FirebaseDatabaseSwift;
		};
		83B925902AFC092B008E3D44 /* FirebaseDynamicLinks */ = {
			isa = XCSwiftPackageProductDependency;
			package = 83B925792AFC092B008E3D44 /* XCRemoteSwiftPackageReference "firebase-ios-sdk" */;
			productName = FirebaseDynamicLinks;
		};
		83B925922AFC092B008E3D44 /* FirebaseFirestore */ = {
			isa = XCSwiftPackageProductDependency;
			package = 83B925792AFC092B008E3D44 /* XCRemoteSwiftPackageReference "firebase-ios-sdk" */;
			productName = FirebaseFirestore;
		};
		83B925942AFC092B008E3D44 /* FirebaseFirestoreCombine-Community */ = {
			isa = XCSwiftPackageProductDependency;
			package = 83B925792AFC092B008E3D44 /* XCRemoteSwiftPackageReference "firebase-ios-sdk" */;
			productName = "FirebaseFirestoreCombine-Community";
		};
		83B925962AFC092B008E3D44 /* FirebaseFirestoreSwift */ = {
			isa = XCSwiftPackageProductDependency;
			package = 83B925792AFC092B008E3D44 /* XCRemoteSwiftPackageReference "firebase-ios-sdk" */;
			productName = FirebaseFirestoreSwift;
		};
		83B925982AFC092B008E3D44 /* FirebaseFunctions */ = {
			isa = XCSwiftPackageProductDependency;
			package = 83B925792AFC092B008E3D44 /* XCRemoteSwiftPackageReference "firebase-ios-sdk" */;
			productName = FirebaseFunctions;
		};
		83B9259A2AFC092B008E3D44 /* FirebaseFunctionsCombine-Community */ = {
			isa = XCSwiftPackageProductDependency;
			package = 83B925792AFC092B008E3D44 /* XCRemoteSwiftPackageReference "firebase-ios-sdk" */;
			productName = "FirebaseFunctionsCombine-Community";
		};
		83B9259C2AFC092B008E3D44 /* FirebaseInAppMessaging-Beta */ = {
			isa = XCSwiftPackageProductDependency;
			package = 83B925792AFC092B008E3D44 /* XCRemoteSwiftPackageReference "firebase-ios-sdk" */;
			productName = "FirebaseInAppMessaging-Beta";
		};
		83B9259E2AFC092B008E3D44 /* FirebaseInAppMessagingSwift-Beta */ = {
			isa = XCSwiftPackageProductDependency;
			package = 83B925792AFC092B008E3D44 /* XCRemoteSwiftPackageReference "firebase-ios-sdk" */;
			productName = "FirebaseInAppMessagingSwift-Beta";
		};
		83B925A02AFC092B008E3D44 /* FirebaseInstallations */ = {
			isa = XCSwiftPackageProductDependency;
			package = 83B925792AFC092B008E3D44 /* XCRemoteSwiftPackageReference "firebase-ios-sdk" */;
			productName = FirebaseInstallations;
		};
		83B925A22AFC092B008E3D44 /* FirebaseMLModelDownloader */ = {
			isa = XCSwiftPackageProductDependency;
			package = 83B925792AFC092B008E3D44 /* XCRemoteSwiftPackageReference "firebase-ios-sdk" */;
			productName = FirebaseMLModelDownloader;
		};
		83B925A42AFC092B008E3D44 /* FirebaseMessaging */ = {
			isa = XCSwiftPackageProductDependency;
			package = 83B925792AFC092B008E3D44 /* XCRemoteSwiftPackageReference "firebase-ios-sdk" */;
			productName = FirebaseMessaging;
		};
		83B925A62AFC092B008E3D44 /* FirebasePerformance */ = {
			isa = XCSwiftPackageProductDependency;
			package = 83B925792AFC092B008E3D44 /* XCRemoteSwiftPackageReference "firebase-ios-sdk" */;
			productName = FirebasePerformance;
		};
		83B925A82AFC092B008E3D44 /* FirebaseRemoteConfig */ = {
			isa = XCSwiftPackageProductDependency;
			package = 83B925792AFC092B008E3D44 /* XCRemoteSwiftPackageReference "firebase-ios-sdk" */;
			productName = FirebaseRemoteConfig;
		};
		83B925AA2AFC092B008E3D44 /* FirebaseRemoteConfigSwift */ = {
			isa = XCSwiftPackageProductDependency;
			package = 83B925792AFC092B008E3D44 /* XCRemoteSwiftPackageReference "firebase-ios-sdk" */;
			productName = FirebaseRemoteConfigSwift;
		};
		83B925AC2AFC092B008E3D44 /* FirebaseStorage */ = {
			isa = XCSwiftPackageProductDependency;
			package = 83B925792AFC092B008E3D44 /* XCRemoteSwiftPackageReference "firebase-ios-sdk" */;
			productName = FirebaseStorage;
		};
		83B925AE2AFC092B008E3D44 /* FirebaseStorageCombine-Community */ = {
			isa = XCSwiftPackageProductDependency;
			package = 83B925792AFC092B008E3D44 /* XCRemoteSwiftPackageReference "firebase-ios-sdk" */;
			productName = "FirebaseStorageCombine-Community";
		};
/* End XCSwiftPackageProductDependency section */
	};
	rootObject = 83E8DA952AF1B3AE00106AA6 /* Project object */;
}
