// !$*UTF8*$!
{
	archiveVersion = 1;
	classes = {
	};
	objectVersion = 56;
	objects = {

/* Begin PBXBuildFile section */
		835A4D772B0420EC00C94BD1 /* MaterialTableViewCell.swift in Sources */ = {isa = PBXBuildFile; fileRef = 835A4D752B0420EC00C94BD1 /* MaterialTableViewCell.swift */; };
		835A4D782B0420EC00C94BD1 /* MaterialTableViewCell.xib in Resources */ = {isa = PBXBuildFile; fileRef = 835A4D762B0420EC00C94BD1 /* MaterialTableViewCell.xib */; };
		835FAEBA2AFC6E0700D68AB6 /* RecolectorDecodable.swift in Sources */ = {isa = PBXBuildFile; fileRef = 835FAEB92AFC6E0700D68AB6 /* RecolectorDecodable.swift */; };
		835FAEBC2AFC7E6E00D68AB6 /* RecolectoresDecodable.swift in Sources */ = {isa = PBXBuildFile; fileRef = 835FAEBB2AFC7E6E00D68AB6 /* RecolectoresDecodable.swift */; };
		839C35422AFAD9A80073FFEC /* RequestsViewController.swift in Sources */ = {isa = PBXBuildFile; fileRef = 839C35412AFAD9A80073FFEC /* RequestsViewController.swift */; };
		839C35442AFB05E50073FFEC /* RidesViewController.swift in Sources */ = {isa = PBXBuildFile; fileRef = 839C35432AFB05E50073FFEC /* RidesViewController.swift */; };
		839C35462AFB064A0073FFEC /* ProfileViewController.swift in Sources */ = {isa = PBXBuildFile; fileRef = 839C35452AFB064A0073FFEC /* ProfileViewController.swift */; };
		839C354A2AFB06CC0073FFEC /* FavouritesViewController.swift in Sources */ = {isa = PBXBuildFile; fileRef = 839C35492AFB06CC0073FFEC /* FavouritesViewController.swift */; };
		83AD9FA92B02E8330099F6F4 /* ThatCollectionViewController.swift in Sources */ = {isa = PBXBuildFile; fileRef = 83AD9FA82B02E8330099F6F4 /* ThatCollectionViewController.swift */; };
		83B925782AFC06A2008E3D44 /* GoogleService-Info.plist in Resources */ = {isa = PBXBuildFile; fileRef = 83B925772AFC06A2008E3D44 /* GoogleService-Info.plist */; };
		83B9257B2AFC092B008E3D44 /* FirebaseAnalytics in Frameworks */ = {isa = PBXBuildFile; productRef = 83B9257A2AFC092B008E3D44 /* FirebaseAnalytics */; };
		83B9257D2AFC092B008E3D44 /* FirebaseAnalyticsOnDeviceConversion in Frameworks */ = {isa = PBXBuildFile; productRef = 83B9257C2AFC092B008E3D44 /* FirebaseAnalyticsOnDeviceConversion */; };
		83B9257F2AFC092B008E3D44 /* FirebaseAnalyticsSwift in Frameworks */ = {isa = PBXBuildFile; productRef = 83B9257E2AFC092B008E3D44 /* FirebaseAnalyticsSwift */; };
		83B925812AFC092B008E3D44 /* FirebaseAnalyticsWithoutAdIdSupport in Frameworks */ = {isa = PBXBuildFile; productRef = 83B925802AFC092B008E3D44 /* FirebaseAnalyticsWithoutAdIdSupport */; };
		83B925832AFC092B008E3D44 /* FirebaseAppCheck in Frameworks */ = {isa = PBXBuildFile; productRef = 83B925822AFC092B008E3D44 /* FirebaseAppCheck */; };
		83B925852AFC092B008E3D44 /* FirebaseAppDistribution-Beta in Frameworks */ = {isa = PBXBuildFile; productRef = 83B925842AFC092B008E3D44 /* FirebaseAppDistribution-Beta */; };
		83B925872AFC092B008E3D44 /* FirebaseAuth in Frameworks */ = {isa = PBXBuildFile; productRef = 83B925862AFC092B008E3D44 /* FirebaseAuth */; };
		83B925892AFC092B008E3D44 /* FirebaseAuthCombine-Community in Frameworks */ = {isa = PBXBuildFile; productRef = 83B925882AFC092B008E3D44 /* FirebaseAuthCombine-Community */; };
		83B9258B2AFC092B008E3D44 /* FirebaseCrashlytics in Frameworks */ = {isa = PBXBuildFile; productRef = 83B9258A2AFC092B008E3D44 /* FirebaseCrashlytics */; };
		83B9258D2AFC092B008E3D44 /* FirebaseDatabase in Frameworks */ = {isa = PBXBuildFile; productRef = 83B9258C2AFC092B008E3D44 /* FirebaseDatabase */; };
		83B9258F2AFC092B008E3D44 /* FirebaseDatabaseSwift in Frameworks */ = {isa = PBXBuildFile; productRef = 83B9258E2AFC092B008E3D44 /* FirebaseDatabaseSwift */; };
		83B925912AFC092B008E3D44 /* FirebaseDynamicLinks in Frameworks */ = {isa = PBXBuildFile; productRef = 83B925902AFC092B008E3D44 /* FirebaseDynamicLinks */; };
		83B925932AFC092B008E3D44 /* FirebaseFirestore in Frameworks */ = {isa = PBXBuildFile; productRef = 83B925922AFC092B008E3D44 /* FirebaseFirestore */; };
		83B925952AFC092B008E3D44 /* FirebaseFirestoreCombine-Community in Frameworks */ = {isa = PBXBuildFile; productRef = 83B925942AFC092B008E3D44 /* FirebaseFirestoreCombine-Community */; };
		83B925972AFC092B008E3D44 /* FirebaseFirestoreSwift in Frameworks */ = {isa = PBXBuildFile; productRef = 83B925962AFC092B008E3D44 /* FirebaseFirestoreSwift */; };
		83B925992AFC092B008E3D44 /* FirebaseFunctions in Frameworks */ = {isa = PBXBuildFile; productRef = 83B925982AFC092B008E3D44 /* FirebaseFunctions */; };
		83B9259B2AFC092B008E3D44 /* FirebaseFunctionsCombine-Community in Frameworks */ = {isa = PBXBuildFile; productRef = 83B9259A2AFC092B008E3D44 /* FirebaseFunctionsCombine-Community */; };
		83B9259D2AFC092B008E3D44 /* FirebaseInAppMessaging-Beta in Frameworks */ = {isa = PBXBuildFile; productRef = 83B9259C2AFC092B008E3D44 /* FirebaseInAppMessaging-Beta */; };
		83B9259F2AFC092B008E3D44 /* FirebaseInAppMessagingSwift-Beta in Frameworks */ = {isa = PBXBuildFile; productRef = 83B9259E2AFC092B008E3D44 /* FirebaseInAppMessagingSwift-Beta */; };
		83B925A12AFC092B008E3D44 /* FirebaseInstallations in Frameworks */ = {isa = PBXBuildFile; productRef = 83B925A02AFC092B008E3D44 /* FirebaseInstallations */; };
		83B925A32AFC092B008E3D44 /* FirebaseMLModelDownloader in Frameworks */ = {isa = PBXBuildFile; productRef = 83B925A22AFC092B008E3D44 /* FirebaseMLModelDownloader */; };
		83B925A52AFC092B008E3D44 /* FirebaseMessaging in Frameworks */ = {isa = PBXBuildFile; productRef = 83B925A42AFC092B008E3D44 /* FirebaseMessaging */; };
		83B925A72AFC092B008E3D44 /* FirebasePerformance in Frameworks */ = {isa = PBXBuildFile; productRef = 83B925A62AFC092B008E3D44 /* FirebasePerformance */; };
		83B925A92AFC092B008E3D44 /* FirebaseRemoteConfig in Frameworks */ = {isa = PBXBuildFile; productRef = 83B925A82AFC092B008E3D44 /* FirebaseRemoteConfig */; };
		83B925AB2AFC092B008E3D44 /* FirebaseRemoteConfigSwift in Frameworks */ = {isa = PBXBuildFile; productRef = 83B925AA2AFC092B008E3D44 /* FirebaseRemoteConfigSwift */; };
		83B925AD2AFC092B008E3D44 /* FirebaseStorage in Frameworks */ = {isa = PBXBuildFile; productRef = 83B925AC2AFC092B008E3D44 /* FirebaseStorage */; };
		83B925AF2AFC092B008E3D44 /* FirebaseStorageCombine-Community in Frameworks */ = {isa = PBXBuildFile; productRef = 83B925AE2AFC092B008E3D44 /* FirebaseStorageCombine-Community */; };
		83C2DBFE2AF300EE00E86BBA /* OpcionesViewController.swift in Sources */ = {isa = PBXBuildFile; fileRef = 83C2DBFD2AF300EE00E86BBA /* OpcionesViewController.swift */; };
		83CDF7CF2AFDB60D00574E80 /* Recoleccion.swift in Sources */ = {isa = PBXBuildFile; fileRef = 83CDF7CE2AFDB60D00574E80 /* Recoleccion.swift */; };
		83CDF7D12AFDB88100574E80 /* Recolecciones.swift in Sources */ = {isa = PBXBuildFile; fileRef = 83CDF7D02AFDB88100574E80 /* Recolecciones.swift */; };
		83D2B8DE2B07066500840FFA /* Recolector.swift in Sources */ = {isa = PBXBuildFile; fileRef = 83D2B8DD2B07066500840FFA /* Recolector.swift */; };
		83D2B8E02B07066F00840FFA /* Recolectores.swift in Sources */ = {isa = PBXBuildFile; fileRef = 83D2B8DF2B07066F00840FFA /* Recolectores.swift */; };
		83E764AC2AFDA5E50055CAAF /* DemoTableViewCell.swift in Sources */ = {isa = PBXBuildFile; fileRef = 83E764AA2AFDA5E50055CAAF /* DemoTableViewCell.swift */; };
		83E764AD2AFDA5E50055CAAF /* DemoTableViewCell.xib in Resources */ = {isa = PBXBuildFile; fileRef = 83E764AB2AFDA5E50055CAAF /* DemoTableViewCell.xib */; };
		83E8DAA12AF1B3AE00106AA6 /* AppDelegate.swift in Sources */ = {isa = PBXBuildFile; fileRef = 83E8DAA02AF1B3AE00106AA6 /* AppDelegate.swift */; };
		83E8DAA32AF1B3AE00106AA6 /* SceneDelegate.swift in Sources */ = {isa = PBXBuildFile; fileRef = 83E8DAA22AF1B3AE00106AA6 /* SceneDelegate.swift */; };
		83E8DAA52AF1B3AE00106AA6 /* ViewController.swift in Sources */ = {isa = PBXBuildFile; fileRef = 83E8DAA42AF1B3AE00106AA6 /* ViewController.swift */; };
		83E8DAA82AF1B3AE00106AA6 /* Main.storyboard in Resources */ = {isa = PBXBuildFile; fileRef = 83E8DAA62AF1B3AE00106AA6 /* Main.storyboard */; };
		83E8DAAA2AF1B3AF00106AA6 /* Assets.xcassets in Resources */ = {isa = PBXBuildFile; fileRef = 83E8DAA92AF1B3AF00106AA6 /* Assets.xcassets */; };
		83E8DAAD2AF1B3AF00106AA6 /* LaunchScreen.storyboard in Resources */ = {isa = PBXBuildFile; fileRef = 83E8DAAB2AF1B3AF00106AA6 /* LaunchScreen.storyboard */; };
		83E8E9E22B0D6CCE0005881C /* MapRouteViewController.swift in Sources */ = {isa = PBXBuildFile; fileRef = 83E8E9E12B0D6CCE0005881C /* MapRouteViewController.swift */; };
		83F095082B113BFA0035278B /* LogOutViewController.swift in Sources */ = {isa = PBXBuildFile; fileRef = 83F095072B113BFA0035278B /* LogOutViewController.swift */; };
		83F0950A2B116A910035278B /* HistorialViewController.swift in Sources */ = {isa = PBXBuildFile; fileRef = 83F095092B116A910035278B /* HistorialViewController.swift */; };
		83F710222B1021B8005B0020 /* MoreDetailsViewController.swift in Sources */ = {isa = PBXBuildFile; fileRef = 83F710212B1021B8005B0020 /* MoreDetailsViewController.swift */; };
		83F710242B102471005B0020 /* DetailsViewController.swift in Sources */ = {isa = PBXBuildFile; fileRef = 83F710232B102471005B0020 /* DetailsViewController.swift */; };
		83F710272B102536005B0020 /* CustomCell.swift in Sources */ = {isa = PBXBuildFile; fileRef = 83F710262B102536005B0020 /* CustomCell.swift */; };
		83F710292B102558005B0020 /* CustomTableViewCell.swift in Sources */ = {isa = PBXBuildFile; fileRef = 83F710282B102558005B0020 /* CustomTableViewCell.swift */; };
		83F710472B103614005B0020 /* carton-2.mp3 in Resources */ = {isa = PBXBuildFile; fileRef = 83F7102D2B103614005B0020 /* carton-2.mp3 */; };
		83F710482B103614005B0020 /* juguetes-2.mp3 in Resources */ = {isa = PBXBuildFile; fileRef = 83F7102E2B103614005B0020 /* juguetes-2.mp3 */; };
		83F710492B103614005B0020 /* industriales-2.mp3 in Resources */ = {isa = PBXBuildFile; fileRef = 83F7102F2B103614005B0020 /* industriales-2.mp3 */; };
		83F7104A2B103614005B0020 /* llantas-2.mp3 in Resources */ = {isa = PBXBuildFile; fileRef = 83F710302B103614005B0020 /* llantas-2.mp3 */; };
		83F7104B2B103614005B0020 /* medicina-2.mp3 in Resources */ = {isa = PBXBuildFile; fileRef = 83F710312B103614005B0020 /* medicina-2.mp3 */; };
		83F7104C2B103614005B0020 /* toner-2.mp3 in Resources */ = {isa = PBXBuildFile; fileRef = 83F710322B103614005B0020 /* toner-2.mp3 */; };
		83F7104D2B103614005B0020 /* audio_material_ropa-2.mp3 in Resources */ = {isa = PBXBuildFile; fileRef = 83F710332B103614005B0020 /* audio_material_ropa-2.mp3 */; };
		83F7104E2B103614005B0020 /* aceiteusado-2.mp3 in Resources */ = {isa = PBXBuildFile; fileRef = 83F710342B103614005B0020 /* aceiteusado-2.mp3 */; };
		83F7104F2B103614005B0020 /* botellas-2.mp3 in Resources */ = {isa = PBXBuildFile; fileRef = 83F710352B103614005B0020 /* botellas-2.mp3 */; };
		83F710502B103614005B0020 /* organico-2.mp3 in Resources */ = {isa = PBXBuildFile; fileRef = 83F710362B103614005B0020 /* organico-2.mp3 */; };
		83F710512B103614005B0020 /* papel-2.mp3 in Resources */ = {isa = PBXBuildFile; fileRef = 83F710372B103614005B0020 /* papel-2.mp3 */; };
		83F710522B103614005B0020 /* tetrapack.mp3 in Resources */ = {isa = PBXBuildFile; fileRef = 83F710382B103614005B0020 /* tetrapack.mp3 */; };
		83F710532B103614005B0020 /* baterias-2.mp3 in Resources */ = {isa = PBXBuildFile; fileRef = 83F710392B103614005B0020 /* baterias-2.mp3 */; };
		83F710542B103614005B0020 /* arbol-2.mp3 in Resources */ = {isa = PBXBuildFile; fileRef = 83F7103A2B103614005B0020 /* arbol-2.mp3 */; };
		83F710552B103614005B0020 /* bici-2.mp3 in Resources */ = {isa = PBXBuildFile; fileRef = 83F7103B2B103614005B0020 /* bici-2.mp3 */; };
		83F710562B103614005B0020 /* pilas-2.mp3 in Resources */ = {isa = PBXBuildFile; fileRef = 83F7103C2B103614005B0020 /* pilas-2.mp3 */; };
		83F710572B103614005B0020 /* electronicos-2.mp3 in Resources */ = {isa = PBXBuildFile; fileRef = 83F7103D2B103614005B0020 /* electronicos-2.mp3 */; };
		83F710582B103614005B0020 /* tapas-3.mp3 in Resources */ = {isa = PBXBuildFile; fileRef = 83F7103E2B103614005B0020 /* tapas-3.mp3 */; };
		83F710592B103614005B0020 /* metal-2.mp3 in Resources */ = {isa = PBXBuildFile; fileRef = 83F7103F2B103614005B0020 /* metal-2.mp3 */; };
		83F7105A2B103614005B0020 /* acieteauto-2.mp3 in Resources */ = {isa = PBXBuildFile; fileRef = 83F710402B103614005B0020 /* acieteauto-2.mp3 */; };
		83F7105B2B103614005B0020 /* libros-2.mp3 in Resources */ = {isa = PBXBuildFile; fileRef = 83F710412B103614005B0020 /* libros-2.mp3 */; };
		83F7105C2B103614005B0020 /* madera-2.mp3 in Resources */ = {isa = PBXBuildFile; fileRef = 83F710422B103614005B0020 /* madera-2.mp3 */; };
		83F7105D2B103614005B0020 /* plasticos-2.mp3 in Resources */ = {isa = PBXBuildFile; fileRef = 83F710432B103614005B0020 /* plasticos-2.mp3 */; };
		83F7105E2B103614005B0020 /* voluminoso-2.mp3 in Resources */ = {isa = PBXBuildFile; fileRef = 83F710442B103614005B0020 /* voluminoso-2.mp3 */; };
		83F7105F2B103614005B0020 /* pallets.mp3 in Resources */ = {isa = PBXBuildFile; fileRef = 83F710452B103614005B0020 /* pallets.mp3 */; };
		83F710602B103614005B0020 /* escombro-2.mp3 in Resources */ = {isa = PBXBuildFile; fileRef = 83F710462B103614005B0020 /* escombro-2.mp3 */; };
/* End PBXBuildFile section */

/* Begin PBXFileReference section */
		835A4D752B0420EC00C94BD1 /* MaterialTableViewCell.swift */ = {isa = PBXFileReference; lastKnownFileType = sourcecode.swift; path = MaterialTableViewCell.swift; sourceTree = "<group>"; };
		835A4D762B0420EC00C94BD1 /* MaterialTableViewCell.xib */ = {isa = PBXFileReference; lastKnownFileType = file.xib; path = MaterialTableViewCell.xib; sourceTree = "<group>"; };
		835FAEB92AFC6E0700D68AB6 /* RecolectorDecodable.swift */ = {isa = PBXFileReference; lastKnownFileType = sourcecode.swift; path = RecolectorDecodable.swift; sourceTree = "<group>"; };
		835FAEBB2AFC7E6E00D68AB6 /* RecolectoresDecodable.swift */ = {isa = PBXFileReference; lastKnownFileType = sourcecode.swift; path = RecolectoresDecodable.swift; sourceTree = "<group>"; };
		839C35412AFAD9A80073FFEC /* RequestsViewController.swift */ = {isa = PBXFileReference; lastKnownFileType = sourcecode.swift; path = RequestsViewController.swift; sourceTree = "<group>"; };
		839C35432AFB05E50073FFEC /* RidesViewController.swift */ = {isa = PBXFileReference; lastKnownFileType = sourcecode.swift; path = RidesViewController.swift; sourceTree = "<group>"; };
		839C35452AFB064A0073FFEC /* ProfileViewController.swift */ = {isa = PBXFileReference; lastKnownFileType = sourcecode.swift; path = ProfileViewController.swift; sourceTree = "<group>"; };
		839C35492AFB06CC0073FFEC /* FavouritesViewController.swift */ = {isa = PBXFileReference; lastKnownFileType = sourcecode.swift; path = FavouritesViewController.swift; sourceTree = "<group>"; };
		83AD9FA82B02E8330099F6F4 /* ThatCollectionViewController.swift */ = {isa = PBXFileReference; lastKnownFileType = sourcecode.swift; path = ThatCollectionViewController.swift; sourceTree = "<group>"; };
		83B925772AFC06A2008E3D44 /* GoogleService-Info.plist */ = {isa = PBXFileReference; fileEncoding = 4; lastKnownFileType = text.plist.xml; path = "GoogleService-Info.plist"; sourceTree = "<group>"; };
		83C2DBFD2AF300EE00E86BBA /* OpcionesViewController.swift */ = {isa = PBXFileReference; lastKnownFileType = sourcecode.swift; path = OpcionesViewController.swift; sourceTree = "<group>"; };
		83CDF7CE2AFDB60D00574E80 /* Recoleccion.swift */ = {isa = PBXFileReference; lastKnownFileType = sourcecode.swift; path = Recoleccion.swift; sourceTree = "<group>"; };
		83CDF7D02AFDB88100574E80 /* Recolecciones.swift */ = {isa = PBXFileReference; lastKnownFileType = sourcecode.swift; path = Recolecciones.swift; sourceTree = "<group>"; };
		83D2B8DD2B07066500840FFA /* Recolector.swift */ = {isa = PBXFileReference; lastKnownFileType = sourcecode.swift; path = Recolector.swift; sourceTree = "<group>"; };
		83D2B8DF2B07066F00840FFA /* Recolectores.swift */ = {isa = PBXFileReference; lastKnownFileType = sourcecode.swift; path = Recolectores.swift; sourceTree = "<group>"; };
		83E764AA2AFDA5E50055CAAF /* DemoTableViewCell.swift */ = {isa = PBXFileReference; lastKnownFileType = sourcecode.swift; path = DemoTableViewCell.swift; sourceTree = "<group>"; };
		83E764AB2AFDA5E50055CAAF /* DemoTableViewCell.xib */ = {isa = PBXFileReference; lastKnownFileType = file.xib; path = DemoTableViewCell.xib; sourceTree = "<group>"; };
		83E8DA9D2AF1B3AE00106AA6 /* RecolectoresIOSApp.app */ = {isa = PBXFileReference; explicitFileType = wrapper.application; includeInIndex = 0; path = RecolectoresIOSApp.app; sourceTree = BUILT_PRODUCTS_DIR; };
		83E8DAA02AF1B3AE00106AA6 /* AppDelegate.swift */ = {isa = PBXFileReference; lastKnownFileType = sourcecode.swift; path = AppDelegate.swift; sourceTree = "<group>"; };
		83E8DAA22AF1B3AE00106AA6 /* SceneDelegate.swift */ = {isa = PBXFileReference; lastKnownFileType = sourcecode.swift; path = SceneDelegate.swift; sourceTree = "<group>"; };
		83E8DAA42AF1B3AE00106AA6 /* ViewController.swift */ = {isa = PBXFileReference; lastKnownFileType = sourcecode.swift; path = ViewController.swift; sourceTree = "<group>"; };
		83E8DAA72AF1B3AE00106AA6 /* Base */ = {isa = PBXFileReference; lastKnownFileType = file.storyboard; name = Base; path = Base.lproj/Main.storyboard; sourceTree = "<group>"; };
		83E8DAA92AF1B3AF00106AA6 /* Assets.xcassets */ = {isa = PBXFileReference; lastKnownFileType = folder.assetcatalog; path = Assets.xcassets; sourceTree = "<group>"; };
		83E8DAAC2AF1B3AF00106AA6 /* Base */ = {isa = PBXFileReference; lastKnownFileType = file.storyboard; name = Base; path = Base.lproj/LaunchScreen.storyboard; sourceTree = "<group>"; };
		83E8DAAE2AF1B3AF00106AA6 /* Info.plist */ = {isa = PBXFileReference; lastKnownFileType = text.plist.xml; path = Info.plist; sourceTree = "<group>"; };
		83E8E9E12B0D6CCE0005881C /* MapRouteViewController.swift */ = {isa = PBXFileReference; lastKnownFileType = sourcecode.swift; path = MapRouteViewController.swift; sourceTree = "<group>"; };
		83F095072B113BFA0035278B /* LogOutViewController.swift */ = {isa = PBXFileReference; lastKnownFileType = sourcecode.swift; path = LogOutViewController.swift; sourceTree = "<group>"; };
		83F095092B116A910035278B /* HistorialViewController.swift */ = {isa = PBXFileReference; lastKnownFileType = sourcecode.swift; path = HistorialViewController.swift; sourceTree = "<group>"; };
		83F710212B1021B8005B0020 /* MoreDetailsViewController.swift */ = {isa = PBXFileReference; fileEncoding = 4; lastKnownFileType = sourcecode.swift; path = MoreDetailsViewController.swift; sourceTree = "<group>"; };
		83F710232B102471005B0020 /* DetailsViewController.swift */ = {isa = PBXFileReference; fileEncoding = 4; lastKnownFileType = sourcecode.swift; path = DetailsViewController.swift; sourceTree = "<group>"; };
		83F710262B102536005B0020 /* CustomCell.swift */ = {isa = PBXFileReference; fileEncoding = 4; lastKnownFileType = sourcecode.swift; path = CustomCell.swift; sourceTree = "<group>"; };
		83F710282B102558005B0020 /* CustomTableViewCell.swift */ = {isa = PBXFileReference; fileEncoding = 4; lastKnownFileType = sourcecode.swift; path = CustomTableViewCell.swift; sourceTree = "<group>"; };
		83F7102D2B103614005B0020 /* carton-2.mp3 */ = {isa = PBXFileReference; lastKnownFileType = audio.mp3; path = "carton-2.mp3"; sourceTree = "<group>"; };
		83F7102E2B103614005B0020 /* juguetes-2.mp3 */ = {isa = PBXFileReference; lastKnownFileType = audio.mp3; path = "juguetes-2.mp3"; sourceTree = "<group>"; };
		83F7102F2B103614005B0020 /* industriales-2.mp3 */ = {isa = PBXFileReference; lastKnownFileType = audio.mp3; path = "industriales-2.mp3"; sourceTree = "<group>"; };
		83F710302B103614005B0020 /* llantas-2.mp3 */ = {isa = PBXFileReference; lastKnownFileType = audio.mp3; path = "llantas-2.mp3"; sourceTree = "<group>"; };
		83F710312B103614005B0020 /* medicina-2.mp3 */ = {isa = PBXFileReference; lastKnownFileType = audio.mp3; path = "medicina-2.mp3"; sourceTree = "<group>"; };
		83F710322B103614005B0020 /* toner-2.mp3 */ = {isa = PBXFileReference; lastKnownFileType = audio.mp3; path = "toner-2.mp3"; sourceTree = "<group>"; };
		83F710332B103614005B0020 /* audio_material_ropa-2.mp3 */ = {isa = PBXFileReference; lastKnownFileType = audio.mp3; path = "audio_material_ropa-2.mp3"; sourceTree = "<group>"; };
		83F710342B103614005B0020 /* aceiteusado-2.mp3 */ = {isa = PBXFileReference; lastKnownFileType = audio.mp3; path = "aceiteusado-2.mp3"; sourceTree = "<group>"; };
		83F710352B103614005B0020 /* botellas-2.mp3 */ = {isa = PBXFileReference; lastKnownFileType = audio.mp3; path = "botellas-2.mp3"; sourceTree = "<group>"; };
		83F710362B103614005B0020 /* organico-2.mp3 */ = {isa = PBXFileReference; lastKnownFileType = audio.mp3; path = "organico-2.mp3"; sourceTree = "<group>"; };
		83F710372B103614005B0020 /* papel-2.mp3 */ = {isa = PBXFileReference; lastKnownFileType = audio.mp3; path = "papel-2.mp3"; sourceTree = "<group>"; };
		83F710382B103614005B0020 /* tetrapack.mp3 */ = {isa = PBXFileReference; lastKnownFileType = audio.mp3; path = tetrapack.mp3; sourceTree = "<group>"; };
		83F710392B103614005B0020 /* baterias-2.mp3 */ = {isa = PBXFileReference; lastKnownFileType = audio.mp3; path = "baterias-2.mp3"; sourceTree = "<group>"; };
		83F7103A2B103614005B0020 /* arbol-2.mp3 */ = {isa = PBXFileReference; lastKnownFileType = audio.mp3; path = "arbol-2.mp3"; sourceTree = "<group>"; };
		83F7103B2B103614005B0020 /* bici-2.mp3 */ = {isa = PBXFileReference; lastKnownFileType = audio.mp3; path = "bici-2.mp3"; sourceTree = "<group>"; };
		83F7103C2B103614005B0020 /* pilas-2.mp3 */ = {isa = PBXFileReference; lastKnownFileType = audio.mp3; path = "pilas-2.mp3"; sourceTree = "<group>"; };
		83F7103D2B103614005B0020 /* electronicos-2.mp3 */ = {isa = PBXFileReference; lastKnownFileType = audio.mp3; path = "electronicos-2.mp3"; sourceTree = "<group>"; };
		83F7103E2B103614005B0020 /* tapas-3.mp3 */ = {isa = PBXFileReference; lastKnownFileType = audio.mp3; path = "tapas-3.mp3"; sourceTree = "<group>"; };
		83F7103F2B103614005B0020 /* metal-2.mp3 */ = {isa = PBXFileReference; lastKnownFileType = audio.mp3; path = "metal-2.mp3"; sourceTree = "<group>"; };
		83F710402B103614005B0020 /* acieteauto-2.mp3 */ = {isa = PBXFileReference; lastKnownFileType = audio.mp3; path = "acieteauto-2.mp3"; sourceTree = "<group>"; };
		83F710412B103614005B0020 /* libros-2.mp3 */ = {isa = PBXFileReference; lastKnownFileType = audio.mp3; path = "libros-2.mp3"; sourceTree = "<group>"; };
		83F710422B103614005B0020 /* madera-2.mp3 */ = {isa = PBXFileReference; lastKnownFileType = audio.mp3; path = "madera-2.mp3"; sourceTree = "<group>"; };
		83F710432B103614005B0020 /* plasticos-2.mp3 */ = {isa = PBXFileReference; lastKnownFileType = audio.mp3; path = "plasticos-2.mp3"; sourceTree = "<group>"; };
		83F710442B103614005B0020 /* voluminoso-2.mp3 */ = {isa = PBXFileReference; lastKnownFileType = audio.mp3; path = "voluminoso-2.mp3"; sourceTree = "<group>"; };
		83F710452B103614005B0020 /* pallets.mp3 */ = {isa = PBXFileReference; lastKnownFileType = audio.mp3; path = pallets.mp3; sourceTree = "<group>"; };
		83F710462B103614005B0020 /* escombro-2.mp3 */ = {isa = PBXFileReference; lastKnownFileType = audio.mp3; path = "escombro-2.mp3"; sourceTree = "<group>"; };
/* End PBXFileReference section */

/* Begin PBXFrameworksBuildPhase section */
		83E8DA9A2AF1B3AE00106AA6 /* Frameworks */ = {
			isa = PBXFrameworksBuildPhase;
			buildActionMask = 2147483647;
			files = (
				83B9258D2AFC092B008E3D44 /* FirebaseDatabase in Frameworks */,
				83B9259B2AFC092B008E3D44 /* FirebaseFunctionsCombine-Community in Frameworks */,
				83B925932AFC092B008E3D44 /* FirebaseFirestore in Frameworks */,
				83B9257F2AFC092B008E3D44 /* FirebaseAnalyticsSwift in Frameworks */,
				83B9257B2AFC092B008E3D44 /* FirebaseAnalytics in Frameworks */,
				83B9257D2AFC092B008E3D44 /* FirebaseAnalyticsOnDeviceConversion in Frameworks */,
				83B925A32AFC092B008E3D44 /* FirebaseMLModelDownloader in Frameworks */,
				83B925972AFC092B008E3D44 /* FirebaseFirestoreSwift in Frameworks */,
				83B925832AFC092B008E3D44 /* FirebaseAppCheck in Frameworks */,
				83B925812AFC092B008E3D44 /* FirebaseAnalyticsWithoutAdIdSupport in Frameworks */,
				83B925872AFC092B008E3D44 /* FirebaseAuth in Frameworks */,
				83B9258B2AFC092B008E3D44 /* FirebaseCrashlytics in Frameworks */,
				83B925AB2AFC092B008E3D44 /* FirebaseRemoteConfigSwift in Frameworks */,
				83B9259D2AFC092B008E3D44 /* FirebaseInAppMessaging-Beta in Frameworks */,
				83B9258F2AFC092B008E3D44 /* FirebaseDatabaseSwift in Frameworks */,
				83B925992AFC092B008E3D44 /* FirebaseFunctions in Frameworks */,
				83B925AF2AFC092B008E3D44 /* FirebaseStorageCombine-Community in Frameworks */,
				83B925A92AFC092B008E3D44 /* FirebaseRemoteConfig in Frameworks */,
				83B925852AFC092B008E3D44 /* FirebaseAppDistribution-Beta in Frameworks */,
				83B925892AFC092B008E3D44 /* FirebaseAuthCombine-Community in Frameworks */,
				83B925A72AFC092B008E3D44 /* FirebasePerformance in Frameworks */,
				83B9259F2AFC092B008E3D44 /* FirebaseInAppMessagingSwift-Beta in Frameworks */,
				83B925AD2AFC092B008E3D44 /* FirebaseStorage in Frameworks */,
				83B925912AFC092B008E3D44 /* FirebaseDynamicLinks in Frameworks */,
				83B925952AFC092B008E3D44 /* FirebaseFirestoreCombine-Community in Frameworks */,
				83B925A52AFC092B008E3D44 /* FirebaseMessaging in Frameworks */,
				83B925A12AFC092B008E3D44 /* FirebaseInstallations in Frameworks */,
			);
			runOnlyForDeploymentPostprocessing = 0;
		};
/* End PBXFrameworksBuildPhase section */

/* Begin PBXGroup section */
		835A4D742B0420D000C94BD1 /* MaterialCell */ = {
			isa = PBXGroup;
			children = (
				835A4D752B0420EC00C94BD1 /* MaterialTableViewCell.swift */,
				835A4D762B0420EC00C94BD1 /* MaterialTableViewCell.xib */,
			);
			path = MaterialCell;
			sourceTree = "<group>";
		};
		835FAEB62AFC6DA500D68AB6 /* ModelRecolectorDecodable */ = {
			isa = PBXGroup;
			children = (
				835FAEB92AFC6E0700D68AB6 /* RecolectorDecodable.swift */,
				835FAEBB2AFC7E6E00D68AB6 /* RecolectoresDecodable.swift */,
			);
			path = ModelRecolectorDecodable;
			sourceTree = "<group>";
		};
		83CDF7CD2AFDB56300574E80 /* ModelRecolecciones */ = {
			isa = PBXGroup;
			children = (
				83CDF7CE2AFDB60D00574E80 /* Recoleccion.swift */,
				83CDF7D02AFDB88100574E80 /* Recolecciones.swift */,
			);
			path = ModelRecolecciones;
			sourceTree = "<group>";
		};
		83D2B8DC2B07062B00840FFA /* ModelRecolectoresNormal */ = {
			isa = PBXGroup;
			children = (
				83D2B8DD2B07066500840FFA /* Recolector.swift */,
				83D2B8DF2B07066F00840FFA /* Recolectores.swift */,
			);
			path = ModelRecolectoresNormal;
			sourceTree = "<group>";
		};
		83E764AE2AFDA5F20055CAAF /* CustomCell */ = {
			isa = PBXGroup;
			children = (
				83E764AB2AFDA5E50055CAAF /* DemoTableViewCell.xib */,
				83E764AA2AFDA5E50055CAAF /* DemoTableViewCell.swift */,
			);
			path = CustomCell;
			sourceTree = "<group>";
		};
		83E8DA942AF1B3AE00106AA6 = {
			isa = PBXGroup;
			children = (
				83E8DA9F2AF1B3AE00106AA6 /* RecolectoresIOSApp */,
				83E8DA9E2AF1B3AE00106AA6 /* Products */,
			);
			sourceTree = "<group>";
		};
		83E8DA9E2AF1B3AE00106AA6 /* Products */ = {
			isa = PBXGroup;
			children = (
				83E8DA9D2AF1B3AE00106AA6 /* RecolectoresIOSApp.app */,
			);
			name = Products;
			sourceTree = "<group>";
		};
		83E8DA9F2AF1B3AE00106AA6 /* RecolectoresIOSApp */ = {
			isa = PBXGroup;
			children = (
				83F710252B1024FE005B0020 /* CustomCellDetails */,
				835A4D742B0420D000C94BD1 /* MaterialCell */,
				83CDF7CD2AFDB56300574E80 /* ModelRecolecciones */,
				83E764AE2AFDA5F20055CAAF /* CustomCell */,
				83D2B8DC2B07062B00840FFA /* ModelRecolectoresNormal */,
				835FAEB62AFC6DA500D68AB6 /* ModelRecolectorDecodable */,
				83E8DAA02AF1B3AE00106AA6 /* AppDelegate.swift */,
				83E8DAA22AF1B3AE00106AA6 /* SceneDelegate.swift */,
				83E8DAA42AF1B3AE00106AA6 /* ViewController.swift */,
				83E8DAA62AF1B3AE00106AA6 /* Main.storyboard */,
				83F095072B113BFA0035278B /* LogOutViewController.swift */,
				83E8DAAB2AF1B3AF00106AA6 /* LaunchScreen.storyboard */,
				83E8DAA92AF1B3AF00106AA6 /* Assets.xcassets */,
				83E8DAAE2AF1B3AF00106AA6 /* Info.plist */,
				83C2DBFD2AF300EE00E86BBA /* OpcionesViewController.swift */,
				839C35412AFAD9A80073FFEC /* RequestsViewController.swift */,
				83AD9FA82B02E8330099F6F4 /* ThatCollectionViewController.swift */,
				839C35432AFB05E50073FFEC /* RidesViewController.swift */,
				839C35452AFB064A0073FFEC /* ProfileViewController.swift */,
				839C35492AFB06CC0073FFEC /* FavouritesViewController.swift */,
				83E8E9E12B0D6CCE0005881C /* MapRouteViewController.swift */,
				83B925772AFC06A2008E3D44 /* GoogleService-Info.plist */,
				83F710232B102471005B0020 /* DetailsViewController.swift */,
				83F710212B1021B8005B0020 /* MoreDetailsViewController.swift */,
				83F095092B116A910035278B /* HistorialViewController.swift */,
				83F7102C2B103614005B0020 /* Sounds */,
			);
			path = RecolectoresIOSApp;
			sourceTree = "<group>";
		};
		83F710252B1024FE005B0020 /* CustomCellDetails */ = {
			isa = PBXGroup;
			children = (
				83F710262B102536005B0020 /* CustomCell.swift */,
				83F710282B102558005B0020 /* CustomTableViewCell.swift */,
			);
			path = CustomCellDetails;
			sourceTree = "<group>";
		};
		83F7102C2B103614005B0020 /* Sounds */ = {
			isa = PBXGroup;
			children = (
				83F7102D2B103614005B0020 /* carton-2.mp3 */,
				83F7102E2B103614005B0020 /* juguetes-2.mp3 */,
				83F7102F2B103614005B0020 /* industriales-2.mp3 */,
				83F710302B103614005B0020 /* llantas-2.mp3 */,
				83F710312B103614005B0020 /* medicina-2.mp3 */,
				83F710322B103614005B0020 /* toner-2.mp3 */,
				83F710332B103614005B0020 /* audio_material_ropa-2.mp3 */,
				83F710342B103614005B0020 /* aceiteusado-2.mp3 */,
				83F710352B103614005B0020 /* botellas-2.mp3 */,
				83F710362B103614005B0020 /* organico-2.mp3 */,
				83F710372B103614005B0020 /* papel-2.mp3 */,
				83F710382B103614005B0020 /* tetrapack.mp3 */,
				83F710392B103614005B0020 /* baterias-2.mp3 */,
				83F7103A2B103614005B0020 /* arbol-2.mp3 */,
				83F7103B2B103614005B0020 /* bici-2.mp3 */,
				83F7103C2B103614005B0020 /* pilas-2.mp3 */,
				83F7103D2B103614005B0020 /* electronicos-2.mp3 */,
				83F7103E2B103614005B0020 /* tapas-3.mp3 */,
				83F7103F2B103614005B0020 /* metal-2.mp3 */,
				83F710402B103614005B0020 /* acieteauto-2.mp3 */,
				83F710412B103614005B0020 /* libros-2.mp3 */,
				83F710422B103614005B0020 /* madera-2.mp3 */,
				83F710432B103614005B0020 /* plasticos-2.mp3 */,
				83F710442B103614005B0020 /* voluminoso-2.mp3 */,
				83F710452B103614005B0020 /* pallets.mp3 */,
				83F710462B103614005B0020 /* escombro-2.mp3 */,
			);
			path = Sounds;
			sourceTree = "<group>";
		};
/* End PBXGroup section */

/* Begin PBXNativeTarget section */
		83E8DA9C2AF1B3AE00106AA6 /* RecolectoresIOSApp */ = {
			isa = PBXNativeTarget;
			buildConfigurationList = 83E8DAB12AF1B3AF00106AA6 /* Build configuration list for PBXNativeTarget "RecolectoresIOSApp" */;
			buildPhases = (
				83E8DA992AF1B3AE00106AA6 /* Sources */,
				83E8DA9A2AF1B3AE00106AA6 /* Frameworks */,
				83E8DA9B2AF1B3AE00106AA6 /* Resources */,
			);
			buildRules = (
			);
			dependencies = (
			);
			name = RecolectoresIOSApp;
			packageProductDependencies = (
				83B9257A2AFC092B008E3D44 /* FirebaseAnalytics */,
				83B9257C2AFC092B008E3D44 /* FirebaseAnalyticsOnDeviceConversion */,
				83B9257E2AFC092B008E3D44 /* FirebaseAnalyticsSwift */,
				83B925802AFC092B008E3D44 /* FirebaseAnalyticsWithoutAdIdSupport */,
				83B925822AFC092B008E3D44 /* FirebaseAppCheck */,
				83B925842AFC092B008E3D44 /* FirebaseAppDistribution-Beta */,
				83B925862AFC092B008E3D44 /* FirebaseAuth */,
				83B925882AFC092B008E3D44 /* FirebaseAuthCombine-Community */,
				83B9258A2AFC092B008E3D44 /* FirebaseCrashlytics */,
				83B9258C2AFC092B008E3D44 /* FirebaseDatabase */,
				83B9258E2AFC092B008E3D44 /* FirebaseDatabaseSwift */,
				83B925902AFC092B008E3D44 /* FirebaseDynamicLinks */,
				83B925922AFC092B008E3D44 /* FirebaseFirestore */,
				83B925942AFC092B008E3D44 /* FirebaseFirestoreCombine-Community */,
				83B925962AFC092B008E3D44 /* FirebaseFirestoreSwift */,
				83B925982AFC092B008E3D44 /* FirebaseFunctions */,
				83B9259A2AFC092B008E3D44 /* FirebaseFunctionsCombine-Community */,
				83B9259C2AFC092B008E3D44 /* FirebaseInAppMessaging-Beta */,
				83B9259E2AFC092B008E3D44 /* FirebaseInAppMessagingSwift-Beta */,
				83B925A02AFC092B008E3D44 /* FirebaseInstallations */,
				83B925A22AFC092B008E3D44 /* FirebaseMLModelDownloader */,
				83B925A42AFC092B008E3D44 /* FirebaseMessaging */,
				83B925A62AFC092B008E3D44 /* FirebasePerformance */,
				83B925A82AFC092B008E3D44 /* FirebaseRemoteConfig */,
				83B925AA2AFC092B008E3D44 /* FirebaseRemoteConfigSwift */,
				83B925AC2AFC092B008E3D44 /* FirebaseStorage */,
				83B925AE2AFC092B008E3D44 /* FirebaseStorageCombine-Community */,
			);
			productName = RecolectoresIOSApp;
			productReference = 83E8DA9D2AF1B3AE00106AA6 /* RecolectoresIOSApp.app */;
			productType = "com.apple.product-type.application";
		};
/* End PBXNativeTarget section */

/* Begin PBXProject section */
		83E8DA952AF1B3AE00106AA6 /* Project object */ = {
			isa = PBXProject;
			attributes = {
				BuildIndependentTargetsInParallel = 1;
				LastSwiftUpdateCheck = 1500;
				LastUpgradeCheck = 1500;
				TargetAttributes = {
					83E8DA9C2AF1B3AE00106AA6 = {
						CreatedOnToolsVersion = 15.0.1;
					};
				};
			};
			buildConfigurationList = 83E8DA982AF1B3AE00106AA6 /* Build configuration list for PBXProject "RecolectoresIOSApp" */;
			compatibilityVersion = "Xcode 14.0";
			developmentRegion = en;
			hasScannedForEncodings = 0;
			knownRegions = (
				en,
				Base,
			);
			mainGroup = 83E8DA942AF1B3AE00106AA6;
			packageReferences = (
				83B925792AFC092B008E3D44 /* XCRemoteSwiftPackageReference "firebase-ios-sdk" */,
			);
			productRefGroup = 83E8DA9E2AF1B3AE00106AA6 /* Products */;
			projectDirPath = "";
			projectRoot = "";
			targets = (
				83E8DA9C2AF1B3AE00106AA6 /* RecolectoresIOSApp */,
			);
		};
/* End PBXProject section */

/* Begin PBXResourcesBuildPhase section */
		83E8DA9B2AF1B3AE00106AA6 /* Resources */ = {
			isa = PBXResourcesBuildPhase;
			buildActionMask = 2147483647;
			files = (
				83F710542B103614005B0020 /* arbol-2.mp3 in Resources */,
				835A4D782B0420EC00C94BD1 /* MaterialTableViewCell.xib in Resources */,
				83F710582B103614005B0020 /* tapas-3.mp3 in Resources */,
				83F7105B2B103614005B0020 /* libros-2.mp3 in Resources */,
				83F7104E2B103614005B0020 /* aceiteusado-2.mp3 in Resources */,
				83F710602B103614005B0020 /* escombro-2.mp3 in Resources */,
				83E8DAAD2AF1B3AF00106AA6 /* LaunchScreen.storyboard in Resources */,
				83B925782AFC06A2008E3D44 /* GoogleService-Info.plist in Resources */,
				83F710512B103614005B0020 /* papel-2.mp3 in Resources */,
				83F7104F2B103614005B0020 /* botellas-2.mp3 in Resources */,
				83F7105D2B103614005B0020 /* plasticos-2.mp3 in Resources */,
				83E8DAAA2AF1B3AF00106AA6 /* Assets.xcassets in Resources */,
				83F7104C2B103614005B0020 /* toner-2.mp3 in Resources */,
				83F710522B103614005B0020 /* tetrapack.mp3 in Resources */,
				83F710592B103614005B0020 /* metal-2.mp3 in Resources */,
				83F710472B103614005B0020 /* carton-2.mp3 in Resources */,
				83F710572B103614005B0020 /* electronicos-2.mp3 in Resources */,
				83F7105E2B103614005B0020 /* voluminoso-2.mp3 in Resources */,
				83F7104B2B103614005B0020 /* medicina-2.mp3 in Resources */,
				83F7104A2B103614005B0020 /* llantas-2.mp3 in Resources */,
				83F710552B103614005B0020 /* bici-2.mp3 in Resources */,
				83E764AD2AFDA5E50055CAAF /* DemoTableViewCell.xib in Resources */,
				83F7105F2B103614005B0020 /* pallets.mp3 in Resources */,
				83F7105C2B103614005B0020 /* madera-2.mp3 in Resources */,
				83F710562B103614005B0020 /* pilas-2.mp3 in Resources */,
				83F7105A2B103614005B0020 /* acieteauto-2.mp3 in Resources */,
				83E8DAA82AF1B3AE00106AA6 /* Main.storyboard in Resources */,
				83F7104D2B103614005B0020 /* audio_material_ropa-2.mp3 in Resources */,
				83F710502B103614005B0020 /* organico-2.mp3 in Resources */,
				83F710482B103614005B0020 /* juguetes-2.mp3 in Resources */,
				83F710532B103614005B0020 /* baterias-2.mp3 in Resources */,
				83F710492B103614005B0020 /* industriales-2.mp3 in Resources */,
			);
			runOnlyForDeploymentPostprocessing = 0;
		};
/* End PBXResourcesBuildPhase section */

/* Begin PBXSourcesBuildPhase section */
		83E8DA992AF1B3AE00106AA6 /* Sources */ = {
			isa = PBXSourcesBuildPhase;
			buildActionMask = 2147483647;
			files = (
				839C354A2AFB06CC0073FFEC /* FavouritesViewController.swift in Sources */,
				839C35422AFAD9A80073FFEC /* RequestsViewController.swift in Sources */,
				83F710272B102536005B0020 /* CustomCell.swift in Sources */,
				83CDF7CF2AFDB60D00574E80 /* Recoleccion.swift in Sources */,
				83F710222B1021B8005B0020 /* MoreDetailsViewController.swift in Sources */,
				83E8DAA52AF1B3AE00106AA6 /* ViewController.swift in Sources */,
				83D2B8E02B07066F00840FFA /* Recolectores.swift in Sources */,
				83F710292B102558005B0020 /* CustomTableViewCell.swift in Sources */,
				839C35442AFB05E50073FFEC /* RidesViewController.swift in Sources */,
				83E8E9E22B0D6CCE0005881C /* MapRouteViewController.swift in Sources */,
				83CDF7D12AFDB88100574E80 /* Recolecciones.swift in Sources */,
				83D2B8DE2B07066500840FFA /* Recolector.swift in Sources */,
				83E8DAA12AF1B3AE00106AA6 /* AppDelegate.swift in Sources */,
				83F710242B102471005B0020 /* DetailsViewController.swift in Sources */,
				835FAEBA2AFC6E0700D68AB6 /* RecolectorDecodable.swift in Sources */,
				83F095082B113BFA0035278B /* LogOutViewController.swift in Sources */,
				839C35462AFB064A0073FFEC /* ProfileViewController.swift in Sources */,
				835A4D772B0420EC00C94BD1 /* MaterialTableViewCell.swift in Sources */,
				83C2DBFE2AF300EE00E86BBA /* OpcionesViewController.swift in Sources */,
				83E8DAA32AF1B3AE00106AA6 /* SceneDelegate.swift in Sources */,
				83AD9FA92B02E8330099F6F4 /* ThatCollectionViewController.swift in Sources */,
				83E764AC2AFDA5E50055CAAF /* DemoTableViewCell.swift in Sources */,
				83F0950A2B116A910035278B /* HistorialViewController.swift in Sources */,
				835FAEBC2AFC7E6E00D68AB6 /* RecolectoresDecodable.swift in Sources */,
			);
			runOnlyForDeploymentPostprocessing = 0;
		};
/* End PBXSourcesBuildPhase section */

/* Begin PBXVariantGroup section */
		83E8DAA62AF1B3AE00106AA6 /* Main.storyboard */ = {
			isa = PBXVariantGroup;
			children = (
				83E8DAA72AF1B3AE00106AA6 /* Base */,
			);
			name = Main.storyboard;
			sourceTree = "<group>";
		};
		83E8DAAB2AF1B3AF00106AA6 /* LaunchScreen.storyboard */ = {
			isa = PBXVariantGroup;
			children = (
				83E8DAAC2AF1B3AF00106AA6 /* Base */,
			);
			name = LaunchScreen.storyboard;
			sourceTree = "<group>";
		};
/* End PBXVariantGroup section */

/* Begin XCBuildConfiguration section */
		83E8DAAF2AF1B3AF00106AA6 /* Debug */ = {
			isa = XCBuildConfiguration;
			buildSettings = {
				ALWAYS_SEARCH_USER_PATHS = NO;
				ASSETCATALOG_COMPILER_GENERATE_SWIFT_ASSET_SYMBOL_EXTENSIONS = YES;
				CLANG_ANALYZER_NONNULL = YES;
				CLANG_ANALYZER_NUMBER_OBJECT_CONVERSION = YES_AGGRESSIVE;
				CLANG_CXX_LANGUAGE_STANDARD = "gnu++20";
				CLANG_ENABLE_MODULES = YES;
				CLANG_ENABLE_OBJC_ARC = YES;
				CLANG_ENABLE_OBJC_WEAK = YES;
				CLANG_WARN_BLOCK_CAPTURE_AUTORELEASING = YES;
				CLANG_WARN_BOOL_CONVERSION = YES;
				CLANG_WARN_COMMA = YES;
				CLANG_WARN_CONSTANT_CONVERSION = YES;
				CLANG_WARN_DEPRECATED_OBJC_IMPLEMENTATIONS = YES;
				CLANG_WARN_DIRECT_OBJC_ISA_USAGE = YES_ERROR;
				CLANG_WARN_DOCUMENTATION_COMMENTS = YES;
				CLANG_WARN_EMPTY_BODY = YES;
				CLANG_WARN_ENUM_CONVERSION = YES;
				CLANG_WARN_INFINITE_RECURSION = YES;
				CLANG_WARN_INT_CONVERSION = YES;
				CLANG_WARN_NON_LITERAL_NULL_CONVERSION = YES;
				CLANG_WARN_OBJC_IMPLICIT_RETAIN_SELF = YES;
				CLANG_WARN_OBJC_LITERAL_CONVERSION = YES;
				CLANG_WARN_OBJC_ROOT_CLASS = YES_ERROR;
				CLANG_WARN_QUOTED_INCLUDE_IN_FRAMEWORK_HEADER = YES;
				CLANG_WARN_RANGE_LOOP_ANALYSIS = YES;
				CLANG_WARN_STRICT_PROTOTYPES = YES;
				CLANG_WARN_SUSPICIOUS_MOVE = YES;
				CLANG_WARN_UNGUARDED_AVAILABILITY = YES_AGGRESSIVE;
				CLANG_WARN_UNREACHABLE_CODE = YES;
				CLANG_WARN__DUPLICATE_METHOD_MATCH = YES;
				COPY_PHASE_STRIP = NO;
				DEBUG_INFORMATION_FORMAT = dwarf;
				ENABLE_STRICT_OBJC_MSGSEND = YES;
				ENABLE_TESTABILITY = YES;
				ENABLE_USER_SCRIPT_SANDBOXING = YES;
				GCC_C_LANGUAGE_STANDARD = gnu17;
				GCC_DYNAMIC_NO_PIC = NO;
				GCC_NO_COMMON_BLOCKS = YES;
				GCC_OPTIMIZATION_LEVEL = 0;
				GCC_PREPROCESSOR_DEFINITIONS = (
					"DEBUG=1",
					"$(inherited)",
				);
				GCC_WARN_64_TO_32_BIT_CONVERSION = YES;
				GCC_WARN_ABOUT_RETURN_TYPE = YES_ERROR;
				GCC_WARN_UNDECLARED_SELECTOR = YES;
				GCC_WARN_UNINITIALIZED_AUTOS = YES_AGGRESSIVE;
				GCC_WARN_UNUSED_FUNCTION = YES;
				GCC_WARN_UNUSED_VARIABLE = YES;
				IPHONEOS_DEPLOYMENT_TARGET = 17.0;
				LOCALIZATION_PREFERS_STRING_CATALOGS = YES;
				MTL_ENABLE_DEBUG_INFO = INCLUDE_SOURCE;
				MTL_FAST_MATH = YES;
				ONLY_ACTIVE_ARCH = YES;
				SDKROOT = iphoneos;
				SWIFT_ACTIVE_COMPILATION_CONDITIONS = "DEBUG $(inherited)";
				SWIFT_OPTIMIZATION_LEVEL = "-Onone";
			};
			name = Debug;
		};
		83E8DAB02AF1B3AF00106AA6 /* Release */ = {
			isa = XCBuildConfiguration;
			buildSettings = {
				ALWAYS_SEARCH_USER_PATHS = NO;
				ASSETCATALOG_COMPILER_GENERATE_SWIFT_ASSET_SYMBOL_EXTENSIONS = YES;
				CLANG_ANALYZER_NONNULL = YES;
				CLANG_ANALYZER_NUMBER_OBJECT_CONVERSION = YES_AGGRESSIVE;
				CLANG_CXX_LANGUAGE_STANDARD = "gnu++20";
				CLANG_ENABLE_MODULES = YES;
				CLANG_ENABLE_OBJC_ARC = YES;
				CLANG_ENABLE_OBJC_WEAK = YES;
				CLANG_WARN_BLOCK_CAPTURE_AUTORELEASING = YES;
				CLANG_WARN_BOOL_CONVERSION = YES;
				CLANG_WARN_COMMA = YES;
				CLANG_WARN_CONSTANT_CONVERSION = YES;
				CLANG_WARN_DEPRECATED_OBJC_IMPLEMENTATIONS = YES;
				CLANG_WARN_DIRECT_OBJC_ISA_USAGE = YES_ERROR;
				CLANG_WARN_DOCUMENTATION_COMMENTS = YES;
				CLANG_WARN_EMPTY_BODY = YES;
				CLANG_WARN_ENUM_CONVERSION = YES;
				CLANG_WARN_INFINITE_RECURSION = YES;
				CLANG_WARN_INT_CONVERSION = YES;
				CLANG_WARN_NON_LITERAL_NULL_CONVERSION = YES;
				CLANG_WARN_OBJC_IMPLICIT_RETAIN_SELF = YES;
				CLANG_WARN_OBJC_LITERAL_CONVERSION = YES;
				CLANG_WARN_OBJC_ROOT_CLASS = YES_ERROR;
				CLANG_WARN_QUOTED_INCLUDE_IN_FRAMEWORK_HEADER = YES;
				CLANG_WARN_RANGE_LOOP_ANALYSIS = YES;
				CLANG_WARN_STRICT_PROTOTYPES = YES;
				CLANG_WARN_SUSPICIOUS_MOVE = YES;
				CLANG_WARN_UNGUARDED_AVAILABILITY = YES_AGGRESSIVE;
				CLANG_WARN_UNREACHABLE_CODE = YES;
				CLANG_WARN__DUPLICATE_METHOD_MATCH = YES;
				COPY_PHASE_STRIP = NO;
				DEBUG_INFORMATION_FORMAT = "dwarf-with-dsym";
				ENABLE_NS_ASSERTIONS = NO;
				ENABLE_STRICT_OBJC_MSGSEND = YES;
				ENABLE_USER_SCRIPT_SANDBOXING = YES;
				GCC_C_LANGUAGE_STANDARD = gnu17;
				GCC_NO_COMMON_BLOCKS = YES;
				GCC_WARN_64_TO_32_BIT_CONVERSION = YES;
				GCC_WARN_ABOUT_RETURN_TYPE = YES_ERROR;
				GCC_WARN_UNDECLARED_SELECTOR = YES;
				GCC_WARN_UNINITIALIZED_AUTOS = YES_AGGRESSIVE;
				GCC_WARN_UNUSED_FUNCTION = YES;
				GCC_WARN_UNUSED_VARIABLE = YES;
				IPHONEOS_DEPLOYMENT_TARGET = 17.0;
				LOCALIZATION_PREFERS_STRING_CATALOGS = YES;
				MTL_ENABLE_DEBUG_INFO = NO;
				MTL_FAST_MATH = YES;
				SDKROOT = iphoneos;
				SWIFT_COMPILATION_MODE = wholemodule;
				VALIDATE_PRODUCT = YES;
			};
			name = Release;
		};
		83E8DAB22AF1B3AF00106AA6 /* Debug */ = {
			isa = XCBuildConfiguration;
			buildSettings = {
				ASSETCATALOG_COMPILER_APPICON_NAME = AppIcon;
				ASSETCATALOG_COMPILER_GLOBAL_ACCENT_COLOR_NAME = AccentColor;
				CODE_SIGN_STYLE = Automatic;
				CURRENT_PROJECT_VERSION = 1;
				GENERATE_INFOPLIST_FILE = YES;
				INFOPLIST_FILE = RecolectoresIOSApp/Info.plist;
				INFOPLIST_KEY_UIApplicationSupportsIndirectInputEvents = YES;
				INFOPLIST_KEY_UILaunchStoryboardName = LaunchScreen;
				INFOPLIST_KEY_UIMainStoryboardFile = Main;
				INFOPLIST_KEY_UISupportedInterfaceOrientations_iPad = "UIInterfaceOrientationPortrait UIInterfaceOrientationPortraitUpsideDown UIInterfaceOrientationLandscapeLeft UIInterfaceOrientationLandscapeRight";
				INFOPLIST_KEY_UISupportedInterfaceOrientations_iPhone = "UIInterfaceOrientationPortrait UIInterfaceOrientationLandscapeLeft UIInterfaceOrientationLandscapeRight";
				IPHONEOS_DEPLOYMENT_TARGET = 13.0;
				LD_RUNPATH_SEARCH_PATHS = (
					"$(inherited)",
					"@executable_path/Frameworks",
				);
				MARKETING_VERSION = 1.0;
				PRODUCT_BUNDLE_IDENTIFIER = mx.tec.A01735425.RecolectoresIOSApp;
				PRODUCT_NAME = "$(TARGET_NAME)";
				SWIFT_EMIT_LOC_STRINGS = YES;
				SWIFT_VERSION = 5.0;
				TARGETED_DEVICE_FAMILY = "1,2";
			};
			name = Debug;
		};
		83E8DAB32AF1B3AF00106AA6 /* Release */ = {
			isa = XCBuildConfiguration;
			buildSettings = {
				ASSETCATALOG_COMPILER_APPICON_NAME = AppIcon;
				ASSETCATALOG_COMPILER_GLOBAL_ACCENT_COLOR_NAME = AccentColor;
				CODE_SIGN_STYLE = Automatic;
				CURRENT_PROJECT_VERSION = 1;
				GENERATE_INFOPLIST_FILE = YES;
				INFOPLIST_FILE = RecolectoresIOSApp/Info.plist;
				INFOPLIST_KEY_UIApplicationSupportsIndirectInputEvents = YES;
				INFOPLIST_KEY_UILaunchStoryboardName = LaunchScreen;
				INFOPLIST_KEY_UIMainStoryboardFile = Main;
				INFOPLIST_KEY_UISupportedInterfaceOrientations_iPad = "UIInterfaceOrientationPortrait UIInterfaceOrientationPortraitUpsideDown UIInterfaceOrientationLandscapeLeft UIInterfaceOrientationLandscapeRight";
				INFOPLIST_KEY_UISupportedInterfaceOrientations_iPhone = "UIInterfaceOrientationPortrait UIInterfaceOrientationLandscapeLeft UIInterfaceOrientationLandscapeRight";
				IPHONEOS_DEPLOYMENT_TARGET = 13.0;
				LD_RUNPATH_SEARCH_PATHS = (
					"$(inherited)",
					"@executable_path/Frameworks",
				);
				MARKETING_VERSION = 1.0;
				PRODUCT_BUNDLE_IDENTIFIER = mx.tec.A01735425.RecolectoresIOSApp;
				PRODUCT_NAME = "$(TARGET_NAME)";
				SWIFT_EMIT_LOC_STRINGS = YES;
				SWIFT_VERSION = 5.0;
				TARGETED_DEVICE_FAMILY = "1,2";
			};
			name = Release;
		};
/* End XCBuildConfiguration section */

/* Begin XCConfigurationList section */
		83E8DA982AF1B3AE00106AA6 /* Build configuration list for PBXProject "RecolectoresIOSApp" */ = {
			isa = XCConfigurationList;
			buildConfigurations = (
				83E8DAAF2AF1B3AF00106AA6 /* Debug */,
				83E8DAB02AF1B3AF00106AA6 /* Release */,
			);
			defaultConfigurationIsVisible = 0;
			defaultConfigurationName = Release;
		};
		83E8DAB12AF1B3AF00106AA6 /* Build configuration list for PBXNativeTarget "RecolectoresIOSApp" */ = {
			isa = XCConfigurationList;
			buildConfigurations = (
				83E8DAB22AF1B3AF00106AA6 /* Debug */,
				83E8DAB32AF1B3AF00106AA6 /* Release */,
			);
			defaultConfigurationIsVisible = 0;
			defaultConfigurationName = Release;
		};
/* End XCConfigurationList section */

/* Begin XCRemoteSwiftPackageReference section */
		83B925792AFC092B008E3D44 /* XCRemoteSwiftPackageReference "firebase-ios-sdk" */ = {
			isa = XCRemoteSwiftPackageReference;
			repositoryURL = "https://github.com/firebase/firebase-ios-sdk";
			requirement = {
				kind = upToNextMajorVersion;
				minimumVersion = 10.17.0;
			};
		};
/* End XCRemoteSwiftPackageReference section */

/* Begin XCSwiftPackageProductDependency section */
		83B9257A2AFC092B008E3D44 /* FirebaseAnalytics */ = {
			isa = XCSwiftPackageProductDependency;
			package = 83B925792AFC092B008E3D44 /* XCRemoteSwiftPackageReference "firebase-ios-sdk" */;
			productName = FirebaseAnalytics;
		};
		83B9257C2AFC092B008E3D44 /* FirebaseAnalyticsOnDeviceConversion */ = {
			isa = XCSwiftPackageProductDependency;
			package = 83B925792AFC092B008E3D44 /* XCRemoteSwiftPackageReference "firebase-ios-sdk" */;
			productName = FirebaseAnalyticsOnDeviceConversion;
		};
		83B9257E2AFC092B008E3D44 /* FirebaseAnalyticsSwift */ = {
			isa = XCSwiftPackageProductDependency;
			package = 83B925792AFC092B008E3D44 /* XCRemoteSwiftPackageReference "firebase-ios-sdk" */;
			productName = FirebaseAnalyticsSwift;
		};
		83B925802AFC092B008E3D44 /* FirebaseAnalyticsWithoutAdIdSupport */ = {
			isa = XCSwiftPackageProductDependency;
			package = 83B925792AFC092B008E3D44 /* XCRemoteSwiftPackageReference "firebase-ios-sdk" */;
			productName = FirebaseAnalyticsWithoutAdIdSupport;
		};
		83B925822AFC092B008E3D44 /* FirebaseAppCheck */ = {
			isa = XCSwiftPackageProductDependency;
			package = 83B925792AFC092B008E3D44 /* XCRemoteSwiftPackageReference "firebase-ios-sdk" */;
			productName = FirebaseAppCheck;
		};
		83B925842AFC092B008E3D44 /* FirebaseAppDistribution-Beta */ = {
			isa = XCSwiftPackageProductDependency;
			package = 83B925792AFC092B008E3D44 /* XCRemoteSwiftPackageReference "firebase-ios-sdk" */;
			productName = "FirebaseAppDistribution-Beta";
		};
		83B925862AFC092B008E3D44 /* FirebaseAuth */ = {
			isa = XCSwiftPackageProductDependency;
			package = 83B925792AFC092B008E3D44 /* XCRemoteSwiftPackageReference "firebase-ios-sdk" */;
			productName = FirebaseAuth;
		};
		83B925882AFC092B008E3D44 /* FirebaseAuthCombine-Community */ = {
			isa = XCSwiftPackageProductDependency;
			package = 83B925792AFC092B008E3D44 /* XCRemoteSwiftPackageReference "firebase-ios-sdk" */;
			productName = "FirebaseAuthCombine-Community";
		};
		83B9258A2AFC092B008E3D44 /* FirebaseCrashlytics */ = {
			isa = XCSwiftPackageProductDependency;
			package = 83B925792AFC092B008E3D44 /* XCRemoteSwiftPackageReference "firebase-ios-sdk" */;
			productName = FirebaseCrashlytics;
		};
		83B9258C2AFC092B008E3D44 /* FirebaseDatabase */ = {
			isa = XCSwiftPackageProductDependency;
			package = 83B925792AFC092B008E3D44 /* XCRemoteSwiftPackageReference "firebase-ios-sdk" */;
			productName = FirebaseDatabase;
		};
		83B9258E2AFC092B008E3D44 /* FirebaseDatabaseSwift */ = {
			isa = XCSwiftPackageProductDependency;
			package = 83B925792AFC092B008E3D44 /* XCRemoteSwiftPackageReference "firebase-ios-sdk" */;
			productName = FirebaseDatabaseSwift;
		};
		83B925902AFC092B008E3D44 /* FirebaseDynamicLinks */ = {
			isa = XCSwiftPackageProductDependency;
			package = 83B925792AFC092B008E3D44 /* XCRemoteSwiftPackageReference "firebase-ios-sdk" */;
			productName = FirebaseDynamicLinks;
		};
		83B925922AFC092B008E3D44 /* FirebaseFirestore */ = {
			isa = XCSwiftPackageProductDependency;
			package = 83B925792AFC092B008E3D44 /* XCRemoteSwiftPackageReference "firebase-ios-sdk" */;
			productName = FirebaseFirestore;
		};
		83B925942AFC092B008E3D44 /* FirebaseFirestoreCombine-Community */ = {
			isa = XCSwiftPackageProductDependency;
			package = 83B925792AFC092B008E3D44 /* XCRemoteSwiftPackageReference "firebase-ios-sdk" */;
			productName = "FirebaseFirestoreCombine-Community";
		};
		83B925962AFC092B008E3D44 /* FirebaseFirestoreSwift */ = {
			isa = XCSwiftPackageProductDependency;
			package = 83B925792AFC092B008E3D44 /* XCRemoteSwiftPackageReference "firebase-ios-sdk" */;
			productName = FirebaseFirestoreSwift;
		};
		83B925982AFC092B008E3D44 /* FirebaseFunctions */ = {
			isa = XCSwiftPackageProductDependency;
			package = 83B925792AFC092B008E3D44 /* XCRemoteSwiftPackageReference "firebase-ios-sdk" */;
			productName = FirebaseFunctions;
		};
		83B9259A2AFC092B008E3D44 /* FirebaseFunctionsCombine-Community */ = {
			isa = XCSwiftPackageProductDependency;
			package = 83B925792AFC092B008E3D44 /* XCRemoteSwiftPackageReference "firebase-ios-sdk" */;
			productName = "FirebaseFunctionsCombine-Community";
		};
		83B9259C2AFC092B008E3D44 /* FirebaseInAppMessaging-Beta */ = {
			isa = XCSwiftPackageProductDependency;
			package = 83B925792AFC092B008E3D44 /* XCRemoteSwiftPackageReference "firebase-ios-sdk" */;
			productName = "FirebaseInAppMessaging-Beta";
		};
		83B9259E2AFC092B008E3D44 /* FirebaseInAppMessagingSwift-Beta */ = {
			isa = XCSwiftPackageProductDependency;
			package = 83B925792AFC092B008E3D44 /* XCRemoteSwiftPackageReference "firebase-ios-sdk" */;
			productName = "FirebaseInAppMessagingSwift-Beta";
		};
		83B925A02AFC092B008E3D44 /* FirebaseInstallations */ = {
			isa = XCSwiftPackageProductDependency;
			package = 83B925792AFC092B008E3D44 /* XCRemoteSwiftPackageReference "firebase-ios-sdk" */;
			productName = FirebaseInstallations;
		};
		83B925A22AFC092B008E3D44 /* FirebaseMLModelDownloader */ = {
			isa = XCSwiftPackageProductDependency;
			package = 83B925792AFC092B008E3D44 /* XCRemoteSwiftPackageReference "firebase-ios-sdk" */;
			productName = FirebaseMLModelDownloader;
		};
		83B925A42AFC092B008E3D44 /* FirebaseMessaging */ = {
			isa = XCSwiftPackageProductDependency;
			package = 83B925792AFC092B008E3D44 /* XCRemoteSwiftPackageReference "firebase-ios-sdk" */;
			productName = FirebaseMessaging;
		};
		83B925A62AFC092B008E3D44 /* FirebasePerformance */ = {
			isa = XCSwiftPackageProductDependency;
			package = 83B925792AFC092B008E3D44 /* XCRemoteSwiftPackageReference "firebase-ios-sdk" */;
			productName = FirebasePerformance;
		};
		83B925A82AFC092B008E3D44 /* FirebaseRemoteConfig */ = {
			isa = XCSwiftPackageProductDependency;
			package = 83B925792AFC092B008E3D44 /* XCRemoteSwiftPackageReference "firebase-ios-sdk" */;
			productName = FirebaseRemoteConfig;
		};
		83B925AA2AFC092B008E3D44 /* FirebaseRemoteConfigSwift */ = {
			isa = XCSwiftPackageProductDependency;
			package = 83B925792AFC092B008E3D44 /* XCRemoteSwiftPackageReference "firebase-ios-sdk" */;
			productName = FirebaseRemoteConfigSwift;
		};
		83B925AC2AFC092B008E3D44 /* FirebaseStorage */ = {
			isa = XCSwiftPackageProductDependency;
			package = 83B925792AFC092B008E3D44 /* XCRemoteSwiftPackageReference "firebase-ios-sdk" */;
			productName = FirebaseStorage;
		};
		83B925AE2AFC092B008E3D44 /* FirebaseStorageCombine-Community */ = {
			isa = XCSwiftPackageProductDependency;
			package = 83B925792AFC092B008E3D44 /* XCRemoteSwiftPackageReference "firebase-ios-sdk" */;
			productName = "FirebaseStorageCombine-Community";
		};
/* End XCSwiftPackageProductDependency section */
	};
	rootObject = 83E8DA952AF1B3AE00106AA6 /* Project object */;
}
